# THIS IS AN AUTOGENERATED FILE. DO NOT EDIT THIS FILE DIRECTLY.
# yarn lockfile v1


"@aws-cdk/asset-awscli-v1@^2.2.65":
  version "2.2.70"
  resolved "https://registry.yarnpkg.com/@aws-cdk/asset-awscli-v1/-/asset-awscli-v1-2.2.70.tgz#23c39879ca5c66ffd97f5990e6a8493c9488b7f7"
  integrity sha512-Ni6z15ucIoTiAZEZCCs7EuvdVFza8q0kfnLb42X1fSmGORUVOiWiuO9VUgJpURe9VfC16sozg4fhiZKnLClCKg==

"@aws-cdk/asset-kubectl-v20@^2.1.1":
  version "2.1.1"
  resolved "https://registry.yarnpkg.com/@aws-cdk/asset-kubectl-v20/-/asset-kubectl-v20-2.1.1.tgz#d01c1efb867fb7f2cfd8c8b230b8eae16447e156"
  integrity sha512-U1ntiX8XiMRRRH5J1IdC+1t5CE89015cwyt5U63Cpk0GnMlN5+h9WsWMlKlPXZR4rdq/m806JRlBMRpBUB2Dhw==

"@aws-cdk/asset-node-proxy-agent-v5@^2.0.54":
  version "2.0.59"
  resolved "https://registry.yarnpkg.com/@aws-cdk/asset-node-proxy-agent-v5/-/asset-node-proxy-agent-v5-2.0.59.tgz#9c00a212ccdd64507aee985acc5e574ea533d166"
  integrity sha512-SbHIZsDe+Ore64tkJjlaSvyWdlq/NTOhIvZ0KnhsRPLaKV6c3SeWsK6l5w3l6YSzsOcw8COSrruVsE8X0WhUBA==

"@aws-cdk/aws-apigatewayv2-alpha@2.65.0-alpha.0":
  version "2.65.0-alpha.0"
  resolved "https://registry.yarnpkg.com/@aws-cdk/aws-apigatewayv2-alpha/-/aws-apigatewayv2-alpha-2.65.0-alpha.0.tgz#620872456d3393d5fcf6c9140528c494a9af90a1"
  integrity sha512-okJSg8Dj4xpLgspLOb9CM6WwQ2Ir7sevlIjC9x4VPTip9Ns3ylbC4J4vLiIb/3DouvKaZd3AKMe+2T+TaqnrAg==

"@aws-cdk/aws-apigatewayv2-integrations-alpha@2.65.0-alpha.0":
  version "2.65.0-alpha.0"
  resolved "https://registry.yarnpkg.com/@aws-cdk/aws-apigatewayv2-integrations-alpha/-/aws-apigatewayv2-integrations-alpha-2.65.0-alpha.0.tgz#42194e8e2e5018a4e657093ed7fa194981c383d8"
  integrity sha512-B5CpOloSKANqFzC8lm7dwZf+aOvD4zRpSTFTsno7/DU3LocTeZWncE44NdNhAx1Ck8z4bjG6LERHPWwgzG39SA==

"@balena/dockerignore@^1.0.2":
  version "1.0.2"
  resolved "https://registry.yarnpkg.com/@balena/dockerignore/-/dockerignore-1.0.2.tgz#9ffe4726915251e8eb69f44ef3547e0da2c03e0d"
  integrity sha512-wMue2Sy4GAVTk6Ic4tJVcnfdau+gx2EnG7S+uAEe+TWJFqE4YoWN4/H8MSLj4eYJKxGg26lZwboEniNiNwZQ6Q==

"@esbuild/android-arm64@0.16.17":
  version "0.16.17"
  resolved "https://registry.yarnpkg.com/@esbuild/android-arm64/-/android-arm64-0.16.17.tgz#cf91e86df127aa3d141744edafcba0abdc577d23"
  integrity sha512-MIGl6p5sc3RDTLLkYL1MyL8BMRN4tLMRCn+yRJJmEDvYZ2M7tmAf80hx1kbNEUX2KJ50RRtxZ4JHLvCfuB6kBg==

"@esbuild/android-arm64@0.17.8":
  version "0.17.8"
  resolved "https://registry.yarnpkg.com/@esbuild/android-arm64/-/android-arm64-0.17.8.tgz#b3d5b65a3b2e073a6c7ee36b1f3c30c8f000315b"
  integrity sha512-oa/N5j6v1svZQs7EIRPqR8f+Bf8g6HBDjD/xHC02radE/NjKHK7oQmtmLxPs1iVwYyvE+Kolo6lbpfEQ9xnhxQ==

"@esbuild/android-arm@0.16.17":
  version "0.16.17"
  resolved "https://registry.yarnpkg.com/@esbuild/android-arm/-/android-arm-0.16.17.tgz#025b6246d3f68b7bbaa97069144fb5fb70f2fff2"
  integrity sha512-N9x1CMXVhtWEAMS7pNNONyA14f71VPQN9Cnavj1XQh6T7bskqiLLrSca4O0Vr8Wdcga943eThxnVp3JLnBMYtw==

"@esbuild/android-arm@0.17.8":
  version "0.17.8"
  resolved "https://registry.yarnpkg.com/@esbuild/android-arm/-/android-arm-0.17.8.tgz#c41e496af541e175369d48164d0cf01a5f656cf6"
  integrity sha512-0/rb91GYKhrtbeglJXOhAv9RuYimgI8h623TplY2X+vA4EXnk3Zj1fXZreJ0J3OJJu1bwmb0W7g+2cT/d8/l/w==

"@esbuild/android-x64@0.16.17":
  version "0.16.17"
  resolved "https://registry.yarnpkg.com/@esbuild/android-x64/-/android-x64-0.16.17.tgz#c820e0fef982f99a85c4b8bfdd582835f04cd96e"
  integrity sha512-a3kTv3m0Ghh4z1DaFEuEDfz3OLONKuFvI4Xqczqx4BqLyuFaFkuaG4j2MtA6fuWEFeC5x9IvqnX7drmRq/fyAQ==

"@esbuild/android-x64@0.17.8":
  version "0.17.8"
  resolved "https://registry.yarnpkg.com/@esbuild/android-x64/-/android-x64-0.17.8.tgz#080fa67c29be77f5a3ca5ee4cc78d5bf927e3a3b"
  integrity sha512-bTliMLqD7pTOoPg4zZkXqCDuzIUguEWLpeqkNfC41ODBHwoUgZ2w5JBeYimv4oP6TDVocoYmEhZrCLQTrH89bg==

"@esbuild/darwin-arm64@0.16.17":
  version "0.16.17"
  resolved "https://registry.yarnpkg.com/@esbuild/darwin-arm64/-/darwin-arm64-0.16.17.tgz#edef4487af6b21afabba7be5132c26d22379b220"
  integrity sha512-/2agbUEfmxWHi9ARTX6OQ/KgXnOWfsNlTeLcoV7HSuSTv63E4DqtAc+2XqGw1KHxKMHGZgbVCZge7HXWX9Vn+w==

"@esbuild/darwin-arm64@0.17.8":
  version "0.17.8"
  resolved "https://registry.yarnpkg.com/@esbuild/darwin-arm64/-/darwin-arm64-0.17.8.tgz#053622bf9a82f43d5c075b7818e02618f7b4a397"
  integrity sha512-ghAbV3ia2zybEefXRRm7+lx8J/rnupZT0gp9CaGy/3iolEXkJ6LYRq4IpQVI9zR97ID80KJVoUlo3LSeA/sMAg==

"@esbuild/darwin-x64@0.16.17":
  version "0.16.17"
  resolved "https://registry.yarnpkg.com/@esbuild/darwin-x64/-/darwin-x64-0.16.17.tgz#42829168730071c41ef0d028d8319eea0e2904b4"
  integrity sha512-2By45OBHulkd9Svy5IOCZt376Aa2oOkiE9QWUK9fe6Tb+WDr8hXL3dpqi+DeLiMed8tVXspzsTAvd0jUl96wmg==

"@esbuild/darwin-x64@0.17.8":
  version "0.17.8"
  resolved "https://registry.yarnpkg.com/@esbuild/darwin-x64/-/darwin-x64-0.17.8.tgz#8a1aadb358d537d8efad817bb1a5bff91b84734b"
  integrity sha512-n5WOpyvZ9TIdv2V1K3/iIkkJeKmUpKaCTdun9buhGRWfH//osmUjlv4Z5mmWdPWind/VGcVxTHtLfLCOohsOXw==

"@esbuild/freebsd-arm64@0.16.17":
  version "0.16.17"
  resolved "https://registry.yarnpkg.com/@esbuild/freebsd-arm64/-/freebsd-arm64-0.16.17.tgz#1f4af488bfc7e9ced04207034d398e793b570a27"
  integrity sha512-mt+cxZe1tVx489VTb4mBAOo2aKSnJ33L9fr25JXpqQqzbUIw/yzIzi+NHwAXK2qYV1lEFp4OoVeThGjUbmWmdw==

"@esbuild/freebsd-arm64@0.17.8":
  version "0.17.8"
  resolved "https://registry.yarnpkg.com/@esbuild/freebsd-arm64/-/freebsd-arm64-0.17.8.tgz#e6738d0081ba0721a5c6c674e84c6e7fcea61989"
  integrity sha512-a/SATTaOhPIPFWvHZDoZYgxaZRVHn0/LX1fHLGfZ6C13JqFUZ3K6SMD6/HCtwOQ8HnsNaEeokdiDSFLuizqv5A==

"@esbuild/freebsd-x64@0.16.17":
  version "0.16.17"
  resolved "https://registry.yarnpkg.com/@esbuild/freebsd-x64/-/freebsd-x64-0.16.17.tgz#636306f19e9bc981e06aa1d777302dad8fddaf72"
  integrity sha512-8ScTdNJl5idAKjH8zGAsN7RuWcyHG3BAvMNpKOBaqqR7EbUhhVHOqXRdL7oZvz8WNHL2pr5+eIT5c65kA6NHug==

"@esbuild/freebsd-x64@0.17.8":
  version "0.17.8"
  resolved "https://registry.yarnpkg.com/@esbuild/freebsd-x64/-/freebsd-x64-0.17.8.tgz#1855e562f2b730f4483f6e94086e9e2597feb4c3"
  integrity sha512-xpFJb08dfXr5+rZc4E+ooZmayBW6R3q59daCpKZ/cDU96/kvDM+vkYzNeTJCGd8rtO6fHWMq5Rcv/1cY6p6/0Q==

"@esbuild/linux-arm64@0.16.17":
  version "0.16.17"
  resolved "https://registry.yarnpkg.com/@esbuild/linux-arm64/-/linux-arm64-0.16.17.tgz#a003f7ff237c501e095d4f3a09e58fc7b25a4aca"
  integrity sha512-7S8gJnSlqKGVJunnMCrXHU9Q8Q/tQIxk/xL8BqAP64wchPCTzuM6W3Ra8cIa1HIflAvDnNOt2jaL17vaW+1V0g==

"@esbuild/linux-arm64@0.17.8":
  version "0.17.8"
  resolved "https://registry.yarnpkg.com/@esbuild/linux-arm64/-/linux-arm64-0.17.8.tgz#481da38952721a3fdb77c17a36ceaacc4270b5c5"
  integrity sha512-v3iwDQuDljLTxpsqQDl3fl/yihjPAyOguxuloON9kFHYwopeJEf1BkDXODzYyXEI19gisEsQlG1bM65YqKSIww==

"@esbuild/linux-arm@0.16.17":
  version "0.16.17"
  resolved "https://registry.yarnpkg.com/@esbuild/linux-arm/-/linux-arm-0.16.17.tgz#b591e6a59d9c4fe0eeadd4874b157ab78cf5f196"
  integrity sha512-iihzrWbD4gIT7j3caMzKb/RsFFHCwqqbrbH9SqUSRrdXkXaygSZCZg1FybsZz57Ju7N/SHEgPyaR0LZ8Zbe9gQ==

"@esbuild/linux-arm@0.17.8":
  version "0.17.8"
  resolved "https://registry.yarnpkg.com/@esbuild/linux-arm/-/linux-arm-0.17.8.tgz#18127072b270bb6321c6d11be20bfd30e0d6ad17"
  integrity sha512-6Ij8gfuGszcEwZpi5jQIJCVIACLS8Tz2chnEBfYjlmMzVsfqBP1iGmHQPp7JSnZg5xxK9tjCc+pJ2WtAmPRFVA==

"@esbuild/linux-ia32@0.16.17":
  version "0.16.17"
  resolved "https://registry.yarnpkg.com/@esbuild/linux-ia32/-/linux-ia32-0.16.17.tgz#24333a11027ef46a18f57019450a5188918e2a54"
  integrity sha512-kiX69+wcPAdgl3Lonh1VI7MBr16nktEvOfViszBSxygRQqSpzv7BffMKRPMFwzeJGPxcio0pdD3kYQGpqQ2SSg==

"@esbuild/linux-ia32@0.17.8":
  version "0.17.8"
  resolved "https://registry.yarnpkg.com/@esbuild/linux-ia32/-/linux-ia32-0.17.8.tgz#ee400af7b3bc69e8ca2e593ca35156ffb9abd54f"
  integrity sha512-8svILYKhE5XetuFk/B6raFYIyIqydQi+GngEXJgdPdI7OMKUbSd7uzR02wSY4kb53xBrClLkhH4Xs8P61Q2BaA==

"@esbuild/linux-loong64@0.16.17":
  version "0.16.17"
  resolved "https://registry.yarnpkg.com/@esbuild/linux-loong64/-/linux-loong64-0.16.17.tgz#d5ad459d41ed42bbd4d005256b31882ec52227d8"
  integrity sha512-dTzNnQwembNDhd654cA4QhbS9uDdXC3TKqMJjgOWsC0yNCbpzfWoXdZvp0mY7HU6nzk5E0zpRGGx3qoQg8T2DQ==

"@esbuild/linux-loong64@0.17.8":
  version "0.17.8"
  resolved "https://registry.yarnpkg.com/@esbuild/linux-loong64/-/linux-loong64-0.17.8.tgz#8c509d8a454693d39824b83b3f66c400872fce82"
  integrity sha512-B6FyMeRJeV0NpyEOYlm5qtQfxbdlgmiGdD+QsipzKfFky0K5HW5Td6dyK3L3ypu1eY4kOmo7wW0o94SBqlqBSA==

"@esbuild/linux-mips64el@0.16.17":
  version "0.16.17"
  resolved "https://registry.yarnpkg.com/@esbuild/linux-mips64el/-/linux-mips64el-0.16.17.tgz#4e5967a665c38360b0a8205594377d4dcf9c3726"
  integrity sha512-ezbDkp2nDl0PfIUn0CsQ30kxfcLTlcx4Foz2kYv8qdC6ia2oX5Q3E/8m6lq84Dj/6b0FrkgD582fJMIfHhJfSw==

"@esbuild/linux-mips64el@0.17.8":
  version "0.17.8"
  resolved "https://registry.yarnpkg.com/@esbuild/linux-mips64el/-/linux-mips64el-0.17.8.tgz#f2b0d36e63fb26bc3f95b203b6a80638292101ca"
  integrity sha512-CCb67RKahNobjm/eeEqeD/oJfJlrWyw29fgiyB6vcgyq97YAf3gCOuP6qMShYSPXgnlZe/i4a8WFHBw6N8bYAA==

"@esbuild/linux-ppc64@0.16.17":
  version "0.16.17"
  resolved "https://registry.yarnpkg.com/@esbuild/linux-ppc64/-/linux-ppc64-0.16.17.tgz#206443a02eb568f9fdf0b438fbd47d26e735afc8"
  integrity sha512-dzS678gYD1lJsW73zrFhDApLVdM3cUF2MvAa1D8K8KtcSKdLBPP4zZSLy6LFZ0jYqQdQ29bjAHJDgz0rVbLB3g==

"@esbuild/linux-ppc64@0.17.8":
  version "0.17.8"
  resolved "https://registry.yarnpkg.com/@esbuild/linux-ppc64/-/linux-ppc64-0.17.8.tgz#1e628be003e036e90423716028cc884fe5ba25bd"
  integrity sha512-bytLJOi55y55+mGSdgwZ5qBm0K9WOCh0rx+vavVPx+gqLLhxtSFU0XbeYy/dsAAD6xECGEv4IQeFILaSS2auXw==

"@esbuild/linux-riscv64@0.16.17":
  version "0.16.17"
  resolved "https://registry.yarnpkg.com/@esbuild/linux-riscv64/-/linux-riscv64-0.16.17.tgz#c351e433d009bf256e798ad048152c8d76da2fc9"
  integrity sha512-ylNlVsxuFjZK8DQtNUwiMskh6nT0vI7kYl/4fZgV1llP5d6+HIeL/vmmm3jpuoo8+NuXjQVZxmKuhDApK0/cKw==

"@esbuild/linux-riscv64@0.17.8":
  version "0.17.8"
  resolved "https://registry.yarnpkg.com/@esbuild/linux-riscv64/-/linux-riscv64-0.17.8.tgz#419a815cb4c3fb9f1b78ef5295f5b48b8bf6427a"
  integrity sha512-2YpRyQJmKVBEHSBLa8kBAtbhucaclb6ex4wchfY0Tj3Kg39kpjeJ9vhRU7x4mUpq8ISLXRXH1L0dBYjAeqzZAw==

"@esbuild/linux-s390x@0.16.17":
  version "0.16.17"
  resolved "https://registry.yarnpkg.com/@esbuild/linux-s390x/-/linux-s390x-0.16.17.tgz#661f271e5d59615b84b6801d1c2123ad13d9bd87"
  integrity sha512-gzy7nUTO4UA4oZ2wAMXPNBGTzZFP7mss3aKR2hH+/4UUkCOyqmjXiKpzGrY2TlEUhbbejzXVKKGazYcQTZWA/w==

"@esbuild/linux-s390x@0.17.8":
  version "0.17.8"
  resolved "https://registry.yarnpkg.com/@esbuild/linux-s390x/-/linux-s390x-0.17.8.tgz#291c49ae5c3d11d226352755c0835911fe1a9e5c"
  integrity sha512-QgbNY/V3IFXvNf11SS6exkpVcX0LJcob+0RWCgV9OiDAmVElnxciHIisoSix9uzYzScPmS6dJFbZULdSAEkQVw==

"@esbuild/linux-x64@0.16.17":
  version "0.16.17"
  resolved "https://registry.yarnpkg.com/@esbuild/linux-x64/-/linux-x64-0.16.17.tgz#e4ba18e8b149a89c982351443a377c723762b85f"
  integrity sha512-mdPjPxfnmoqhgpiEArqi4egmBAMYvaObgn4poorpUaqmvzzbvqbowRllQ+ZgzGVMGKaPkqUmPDOOFQRUFDmeUw==

"@esbuild/linux-x64@0.17.8":
  version "0.17.8"
  resolved "https://registry.yarnpkg.com/@esbuild/linux-x64/-/linux-x64-0.17.8.tgz#03199d91c76faf80bd54104f5cbf0a489bc39f6a"
  integrity sha512-mM/9S0SbAFDBc4OPoyP6SEOo5324LpUxdpeIUUSrSTOfhHU9hEfqRngmKgqILqwx/0DVJBzeNW7HmLEWp9vcOA==

"@esbuild/netbsd-x64@0.16.17":
  version "0.16.17"
  resolved "https://registry.yarnpkg.com/@esbuild/netbsd-x64/-/netbsd-x64-0.16.17.tgz#7d4f4041e30c5c07dd24ffa295c73f06038ec775"
  integrity sha512-/PzmzD/zyAeTUsduZa32bn0ORug+Jd1EGGAUJvqfeixoEISYpGnAezN6lnJoskauoai0Jrs+XSyvDhppCPoKOA==

"@esbuild/netbsd-x64@0.17.8":
  version "0.17.8"
  resolved "https://registry.yarnpkg.com/@esbuild/netbsd-x64/-/netbsd-x64-0.17.8.tgz#b436d767e1b21852f9ed212e2bb57f77203b0ae2"
  integrity sha512-eKUYcWaWTaYr9zbj8GertdVtlt1DTS1gNBWov+iQfWuWyuu59YN6gSEJvFzC5ESJ4kMcKR0uqWThKUn5o8We6Q==

"@esbuild/openbsd-x64@0.16.17":
  version "0.16.17"
  resolved "https://registry.yarnpkg.com/@esbuild/openbsd-x64/-/openbsd-x64-0.16.17.tgz#970fa7f8470681f3e6b1db0cc421a4af8060ec35"
  integrity sha512-2yaWJhvxGEz2RiftSk0UObqJa/b+rIAjnODJgv2GbGGpRwAfpgzyrg1WLK8rqA24mfZa9GvpjLcBBg8JHkoodg==

"@esbuild/openbsd-x64@0.17.8":
  version "0.17.8"
  resolved "https://registry.yarnpkg.com/@esbuild/openbsd-x64/-/openbsd-x64-0.17.8.tgz#d1481d8539e21d4729cd04a0450a26c2c8789e89"
  integrity sha512-Vc9J4dXOboDyMXKD0eCeW0SIeEzr8K9oTHJU+Ci1mZc5njPfhKAqkRt3B/fUNU7dP+mRyralPu8QUkiaQn7iIg==

"@esbuild/sunos-x64@0.16.17":
  version "0.16.17"
  resolved "https://registry.yarnpkg.com/@esbuild/sunos-x64/-/sunos-x64-0.16.17.tgz#abc60e7c4abf8b89fb7a4fe69a1484132238022c"
  integrity sha512-xtVUiev38tN0R3g8VhRfN7Zl42YCJvyBhRKw1RJjwE1d2emWTVToPLNEQj/5Qxc6lVFATDiy6LjVHYhIPrLxzw==

"@esbuild/sunos-x64@0.17.8":
  version "0.17.8"
  resolved "https://registry.yarnpkg.com/@esbuild/sunos-x64/-/sunos-x64-0.17.8.tgz#2cfb8126e079b2c00fd1bf095541e9f5c47877e4"
  integrity sha512-0xvOTNuPXI7ft1LYUgiaXtpCEjp90RuBBYovdd2lqAFxje4sEucurg30M1WIm03+3jxByd3mfo+VUmPtRSVuOw==

"@esbuild/win32-arm64@0.16.17":
  version "0.16.17"
  resolved "https://registry.yarnpkg.com/@esbuild/win32-arm64/-/win32-arm64-0.16.17.tgz#7b0ff9e8c3265537a7a7b1fd9a24e7bd39fcd87a"
  integrity sha512-ga8+JqBDHY4b6fQAmOgtJJue36scANy4l/rL97W+0wYmijhxKetzZdKOJI7olaBaMhWt8Pac2McJdZLxXWUEQw==

"@esbuild/win32-arm64@0.17.8":
  version "0.17.8"
  resolved "https://registry.yarnpkg.com/@esbuild/win32-arm64/-/win32-arm64-0.17.8.tgz#7c6ecfd097ca23b82119753bf7072bbaefe51e3a"
  integrity sha512-G0JQwUI5WdEFEnYNKzklxtBheCPkuDdu1YrtRrjuQv30WsYbkkoixKxLLv8qhJmNI+ATEWquZe/N0d0rpr55Mg==

"@esbuild/win32-ia32@0.16.17":
  version "0.16.17"
  resolved "https://registry.yarnpkg.com/@esbuild/win32-ia32/-/win32-ia32-0.16.17.tgz#e90fe5267d71a7b7567afdc403dfd198c292eb09"
  integrity sha512-WnsKaf46uSSF/sZhwnqE4L/F89AYNMiD4YtEcYekBt9Q7nj0DiId2XH2Ng2PHM54qi5oPrQ8luuzGszqi/veig==

"@esbuild/win32-ia32@0.17.8":
  version "0.17.8"
  resolved "https://registry.yarnpkg.com/@esbuild/win32-ia32/-/win32-ia32-0.17.8.tgz#cffec63c3cb0ef8563a04df4e09fa71056171d00"
  integrity sha512-Fqy63515xl20OHGFykjJsMnoIWS+38fqfg88ClvPXyDbLtgXal2DTlhb1TfTX34qWi3u4I7Cq563QcHpqgLx8w==

"@esbuild/win32-x64@0.16.17":
  version "0.16.17"
  resolved "https://registry.yarnpkg.com/@esbuild/win32-x64/-/win32-x64-0.16.17.tgz#c5a1a4bfe1b57f0c3e61b29883525c6da3e5c091"
  integrity sha512-y+EHuSchhL7FjHgvQL/0fnnFmO4T1bhvWANX6gcnqTjtnKWbTvUMCpGnv2+t+31d7RzyEAYAd4u2fnIhHL6N/Q==

"@esbuild/win32-x64@0.17.8":
  version "0.17.8"
  resolved "https://registry.yarnpkg.com/@esbuild/win32-x64/-/win32-x64-0.17.8.tgz#200a0965cf654ac28b971358ecdca9cc5b44c335"
  integrity sha512-1iuezdyDNngPnz8rLRDO2C/ZZ/emJLb72OsZeqQ6gL6Avko/XCXZw+NuxBSNhBAP13Hie418V7VMt9et1FMvpg==

"@jridgewell/sourcemap-codec@^1.4.13":
  version "1.4.14"
  resolved "https://registry.yarnpkg.com/@jridgewell/sourcemap-codec/-/sourcemap-codec-1.4.14.tgz#add4c98d341472a289190b424efbdb096991bb24"
  integrity sha512-XPSJHWmi394fuUuzDnGz1wiKqWfo1yXecHQMRf2l6hztTO+nPru658AyDngaBe7isIxEkRsPR3FZh+s7iVa4Uw==

"@polka/url@^1.0.0-next.20":
  version "1.0.0-next.21"
  resolved "https://registry.yarnpkg.com/@polka/url/-/url-1.0.0-next.21.tgz#5de5a2385a35309427f6011992b544514d559aa1"
  integrity sha512-a5Sab1C4/icpTZVzZc5Ghpz88yQtGOyNqYXcZgOssB2uuAr+wF/MvN6bgtW32q7HHrvBki+BsZ0OuNv6EV3K9g==

"@sveltejs/kit@1.7.1":
  version "1.7.1"
  resolved "https://registry.yarnpkg.com/@sveltejs/kit/-/kit-1.7.1.tgz#970738caf5f35c2bdc1dace987bc0fe5d52021f9"
  integrity sha512-epaQCaZ/D3Qr/SgrRKHv+MpM6rz8JdaXSjOjas8t7PbDJl88KpqYWUvsmyuJQn/yNNGar23kENyy4NueNnjIKQ==
  dependencies:
    "@sveltejs/vite-plugin-svelte" "^2.0.0"
    "@types/cookie" "^0.5.1"
    cookie "^0.5.0"
    devalue "^4.2.3"
    esm-env "^1.0.0"
    kleur "^4.1.5"
    magic-string "^0.29.0"
    mime "^3.0.0"
    sade "^1.8.1"
    set-cookie-parser "^2.5.1"
    sirv "^2.0.2"
    tiny-glob "^0.2.9"
    undici "5.19.1"

"@sveltejs/vite-plugin-svelte@^2.0.0":
  version "2.0.2"
  resolved "https://registry.yarnpkg.com/@sveltejs/vite-plugin-svelte/-/vite-plugin-svelte-2.0.2.tgz#943090239a31b2e0546837ff7649b73aeb46614c"
  integrity sha512-xCEan0/NNpQuL0l5aS42FjwQ6wwskdxC3pW1OeFtEKNZwRg7Evro9lac9HesGP6TdFsTv2xMes5ASQVKbCacxg==
  dependencies:
    debug "^4.3.4"
    deepmerge "^4.2.2"
    kleur "^4.1.5"
    magic-string "^0.27.0"
    svelte-hmr "^0.15.1"
    vitefu "^0.2.3"

"@types/cookie@^0.5.1":
  version "0.5.1"
  resolved "https://registry.yarnpkg.com/@types/cookie/-/cookie-0.5.1.tgz#b29aa1f91a59f35e29ff8f7cb24faf1a3a750554"
  integrity sha512-COUnqfB2+ckwXXSFInsFdOAWQzCCx+a5hq2ruyj+Vjund94RJQd4LG2u9hnvJrTgunKAaax7ancBYlDrNYxA0g==

"@types/fs-extra@11.0.1":
  version "11.0.1"
  resolved "https://registry.yarnpkg.com/@types/fs-extra/-/fs-extra-11.0.1.tgz#f542ec47810532a8a252127e6e105f487e0a6ea5"
  integrity sha512-MxObHvNl4A69ofaTRU8DFqvgzzv8s9yRtaPPm5gud9HDNvpB3GPQFvNuTWAI59B9huVGV5jXYJwbCsmBsOGYWA==
  dependencies:
    "@types/jsonfile" "*"
    "@types/node" "*"

"@types/jsonfile@*":
  version "6.1.1"
  resolved "https://registry.yarnpkg.com/@types/jsonfile/-/jsonfile-6.1.1.tgz#ac84e9aefa74a2425a0fb3012bdea44f58970f1b"
  integrity sha512-GSgiRCVeapDN+3pqA35IkQwasaCh/0YFH5dEF6S88iDvEn901DjOeH3/QPY+XYP1DFzDZPvIvfeEgk+7br5png==
  dependencies:
    "@types/node" "*"

"@types/node-fetch@2.6.2":
  version "2.6.2"
  resolved "https://registry.yarnpkg.com/@types/node-fetch/-/node-fetch-2.6.2.tgz#d1a9c5fd049d9415dce61571557104dec3ec81da"
  integrity sha512-DHqhlq5jeESLy19TYhLakJ07kNumXWjcDdxXsLUMJZ6ue8VZJj4kLPQVE/2mdHh3xZziNF1xppu5lwmS53HR+A==
  dependencies:
    "@types/node" "*"
    form-data "^3.0.0"

"@types/node@*", "@types/node@18.13.0":
  version "18.13.0"
  resolved "https://registry.yarnpkg.com/@types/node/-/node-18.13.0.tgz#0400d1e6ce87e9d3032c19eb6c58205b0d3f7850"
  integrity sha512-gC3TazRzGoOnoKAhUx+Q0t8S9Tzs74z7m0ipwGpSqQrleP14hKxP4/JUeEQcD3W1/aIpnWl8pHowI7WokuZpXg==

asynckit@^0.4.0:
  version "0.4.0"
  resolved "https://registry.yarnpkg.com/asynckit/-/asynckit-0.4.0.tgz#c79ed97f7f34cb8f2ba1bc9790bcc366474b4b79"
  integrity sha512-Oei9OH4tRh0YqU3GxhX79dM/mwVgvbZJaSNaRk+bshkj0S5cfHcgYakreBjrHwatXKbz+IoIdYLxrKim2MjW0Q==

at-least-node@^1.0.0:
  version "1.0.0"
  resolved "https://registry.yarnpkg.com/at-least-node/-/at-least-node-1.0.0.tgz#602cd4b46e844ad4effc92a8011a3c46e0238dc2"
  integrity sha512-+q/t7Ekv1EDY2l6Gda6LLiX14rU9TV20Wa3ofeQmwPFZbOMo9DXrLbOjFaaclkXKWidIaopwAObQDqwWtGUjqg==

aws-cdk-lib@2.65.0:
  version "2.65.0"
  resolved "https://registry.yarnpkg.com/aws-cdk-lib/-/aws-cdk-lib-2.65.0.tgz#0f709f1aaa7cfd8029d8b017bec1e6a4c15fabd9"
  integrity sha512-yTeBe9+Li8ZHZICJc0y1uarbSruc3KIXP1KC7tjVrkg+ye7EE8eJTZm7+PpJd6O0ciPinn/k/dE9gHwUImygGA==
  dependencies:
    "@aws-cdk/asset-awscli-v1" "^2.2.65"
    "@aws-cdk/asset-kubectl-v20" "^2.1.1"
    "@aws-cdk/asset-node-proxy-agent-v5" "^2.0.54"
    "@balena/dockerignore" "^1.0.2"
    case "1.6.3"
    fs-extra "^9.1.0"
    ignore "^5.2.4"
    jsonschema "^1.4.1"
    minimatch "^3.1.2"
    punycode "^2.3.0"
    semver "^7.3.8"
    yaml "1.10.2"

aws-cdk@2.65.0:
  version "2.65.0"
  resolved "https://registry.yarnpkg.com/aws-cdk/-/aws-cdk-2.65.0.tgz#ffa96a11fdf3750b1f3b0501b5c8dd01d483034d"
  integrity sha512-a1xtdf95N7MLPcwCs+IkE6kCD1utLMuDh+1RIyYbX7SYzAjlNJzOXQ7M16kBktt4KflVWseZnYsGbKWJ2DraMw==
  optionalDependencies:
    fsevents "2.3.2"

balanced-match@^1.0.0:
  version "1.0.2"
  resolved "https://registry.yarnpkg.com/balanced-match/-/balanced-match-1.0.2.tgz#e83e3a7e3f300b34cb9d87f615fa0cbf357690ee"
  integrity sha512-3oSeUO0TMV67hN1AmbXsK4yaqU7tjiHlbxRDZOpH0KW9+CeX4bRAaX0Anxt0tx2MrpRpWwQaPwIlISEJhYU5Pw==

brace-expansion@^1.1.7:
  version "1.1.11"
  resolved "https://registry.yarnpkg.com/brace-expansion/-/brace-expansion-1.1.11.tgz#3c7fcbf529d87226f3d2f52b966ff5271eb441dd"
  integrity sha512-iCuPHDFgrHX7H2vEI/5xpz07zSHB00TpugqhmYtVmMO6518mCuRMoOYFldEBl0g187ufozdaHgWKcYFb61qGiA==
  dependencies:
    balanced-match "^1.0.0"
    concat-map "0.0.1"

busboy@^1.6.0:
  version "1.6.0"
  resolved "https://registry.yarnpkg.com/busboy/-/busboy-1.6.0.tgz#966ea36a9502e43cdb9146962523b92f531f6893"
  integrity sha512-8SFQbg/0hQ9xy3UNTB0YEnsNBbWfhf7RtnzpL7TkBiTBRfrQ9Fxcnz7VJsleJpyp6rVLvXiuORqjlHi5q+PYuA==
  dependencies:
    streamsearch "^1.1.0"

case@1.6.3:
  version "1.6.3"
  resolved "https://registry.yarnpkg.com/case/-/case-1.6.3.tgz#0a4386e3e9825351ca2e6216c60467ff5f1ea1c9"
  integrity sha512-mzDSXIPaFwVDvZAHqZ9VlbyF4yyXRuX6IvB06WvPYkqJVO24kX1PPhv9bfpKNFZyxYFmmgo03HUiD8iklmJYRQ==

combined-stream@^1.0.8:
  version "1.0.8"
  resolved "https://registry.yarnpkg.com/combined-stream/-/combined-stream-1.0.8.tgz#c3d45a8b34fd730631a110a8a2520682b31d5a7f"
  integrity sha512-FQN4MRfuJeHf7cBbBMJFXhKSDq+2kAArBlmRBvcvFE5BB1HZKXtSFASDhdlz9zOYwxh8lDdnvmMOe/+5cdoEdg==
  dependencies:
    delayed-stream "~1.0.0"

concat-map@0.0.1:
  version "0.0.1"
  resolved "https://registry.yarnpkg.com/concat-map/-/concat-map-0.0.1.tgz#d8a96bd77fd68df7793a73036a3ba0d5405d477b"
  integrity sha512-/Srv4dswyQNBfohGpz9o6Yb3Gz3SrUDqBH5rTuhGR7ahtlbYKnVxw2bCFMRljaA7EXHaXZ8wsHdodFvbkhKmqg==

constructs@10.1.253:
  version "10.1.253"
  resolved "https://registry.yarnpkg.com/constructs/-/constructs-10.1.253.tgz#b404fdfc2dc2cce4c4bb83b01489ecc04131eee3"
  integrity sha512-AW0mEbOVQ4yCapwax/4vvyIgdeX6JGED8ClZvqOvlpjID7o/fCpRnOsiDn3AmL+/747naFixmuusFKNa6ngc0g==

cookie@^0.5.0:
  version "0.5.0"
  resolved "https://registry.yarnpkg.com/cookie/-/cookie-0.5.0.tgz#d1f5d71adec6558c58f389987c366aa47e994f8b"
  integrity sha512-YZ3GUyn/o8gfKJlnlX7g7xq4gyO6OSuhGPKaaGssGB2qgDUS0gPgtTvoyZLTt9Ab6dC4hfc9dV5arkvc/OCmrw==

cross-spawn@^7.0.3:
  version "7.0.3"
  resolved "https://registry.yarnpkg.com/cross-spawn/-/cross-spawn-7.0.3.tgz#f73a85b9d5d41d045551c177e2882d4ac85728a6"
  integrity sha512-iRDPJKUPVEND7dHPO8rkbOnPpyDygcDFtWjpeWNCgy8WP2rXcxXL8TskReQl6OrB2G7+UJrags1q15Fudc7G6w==
  dependencies:
    path-key "^3.1.0"
    shebang-command "^2.0.0"
    which "^2.0.1"

debug@^4.3.4:
  version "4.3.4"
  resolved "https://registry.yarnpkg.com/debug/-/debug-4.3.4.tgz#1319f6579357f2338d3337d2cdd4914bb5dcc865"
  integrity sha512-PRWFHuSU3eDtQJPvnNY7Jcket1j0t5OuOsFzPPzsekD52Zl8qUfFIPEiswXqIvHWGVHOgX+7G/vCNNhehwxfkQ==
  dependencies:
    ms "2.1.2"

deepmerge@^4.2.2:
  version "4.3.0"
  resolved "https://registry.yarnpkg.com/deepmerge/-/deepmerge-4.3.0.tgz#65491893ec47756d44719ae520e0e2609233b59b"
  integrity sha512-z2wJZXrmeHdvYJp/Ux55wIjqo81G5Bp4c+oELTW+7ar6SogWHajt5a9gO3s3IDaGSAXjDk0vlQKN3rms8ab3og==

delayed-stream@~1.0.0:
  version "1.0.0"
  resolved "https://registry.yarnpkg.com/delayed-stream/-/delayed-stream-1.0.0.tgz#df3ae199acadfb7d440aaae0b29e2272b24ec619"
  integrity sha512-ZySD7Nf91aLB0RxL4KGrKHBXl7Eds1DAmEdcoVawXnLD7SDhpNgtuII2aAkg7a7QS41jxPSZ17p4VdGnMHk3MQ==

devalue@^4.2.3:
  version "4.3.0"
  resolved "https://registry.yarnpkg.com/devalue/-/devalue-4.3.0.tgz#d86db8fee63a70317c2355be0d3d1b4d8f89a44e"
  integrity sha512-n94yQo4LI3w7erwf84mhRUkUJfhLoCZiLyoOZ/QFsDbcWNZePrLwbQpvZBUG2TNxwV3VjCKPxkiiQA6pe3TrTA==

dotenv@16.0.3:
  version "16.0.3"
  resolved "https://registry.yarnpkg.com/dotenv/-/dotenv-16.0.3.tgz#115aec42bac5053db3c456db30cc243a5a836a07"
  integrity sha512-7GO6HghkA5fYG9TYnNxi14/7K9f5occMlp3zXAuSxn7CKCxt9xbNWG7yF8hTCSUchlfWSe3uLmlPfigevRItzQ==

esbuild@0.17.8:
  version "0.17.8"
  resolved "https://registry.yarnpkg.com/esbuild/-/esbuild-0.17.8.tgz#f7f799abc7cdce3f0f2e3e0c01f120d4d55193b4"
  integrity sha512-g24ybC3fWhZddZK6R3uD2iF/RIPnRpwJAqLov6ouX3hMbY4+tKolP0VMF3zuIYCaXun+yHwS5IPQ91N2BT191g==
  optionalDependencies:
    "@esbuild/android-arm" "0.17.8"
    "@esbuild/android-arm64" "0.17.8"
    "@esbuild/android-x64" "0.17.8"
    "@esbuild/darwin-arm64" "0.17.8"
    "@esbuild/darwin-x64" "0.17.8"
    "@esbuild/freebsd-arm64" "0.17.8"
    "@esbuild/freebsd-x64" "0.17.8"
    "@esbuild/linux-arm" "0.17.8"
    "@esbuild/linux-arm64" "0.17.8"
    "@esbuild/linux-ia32" "0.17.8"
    "@esbuild/linux-loong64" "0.17.8"
    "@esbuild/linux-mips64el" "0.17.8"
    "@esbuild/linux-ppc64" "0.17.8"
    "@esbuild/linux-riscv64" "0.17.8"
    "@esbuild/linux-s390x" "0.17.8"
    "@esbuild/linux-x64" "0.17.8"
    "@esbuild/netbsd-x64" "0.17.8"
    "@esbuild/openbsd-x64" "0.17.8"
    "@esbuild/sunos-x64" "0.17.8"
    "@esbuild/win32-arm64" "0.17.8"
    "@esbuild/win32-ia32" "0.17.8"
    "@esbuild/win32-x64" "0.17.8"

esbuild@^0.16.14:
  version "0.16.17"
  resolved "https://registry.yarnpkg.com/esbuild/-/esbuild-0.16.17.tgz#fc2c3914c57ee750635fee71b89f615f25065259"
  integrity sha512-G8LEkV0XzDMNwXKgM0Jwu3nY3lSTwSGY6XbxM9cr9+s0T/qSV1q1JVPBGzm3dcjhCic9+emZDmMffkwgPeOeLg==
  optionalDependencies:
    "@esbuild/android-arm" "0.16.17"
    "@esbuild/android-arm64" "0.16.17"
    "@esbuild/android-x64" "0.16.17"
    "@esbuild/darwin-arm64" "0.16.17"
    "@esbuild/darwin-x64" "0.16.17"
    "@esbuild/freebsd-arm64" "0.16.17"
    "@esbuild/freebsd-x64" "0.16.17"
    "@esbuild/linux-arm" "0.16.17"
    "@esbuild/linux-arm64" "0.16.17"
    "@esbuild/linux-ia32" "0.16.17"
    "@esbuild/linux-loong64" "0.16.17"
    "@esbuild/linux-mips64el" "0.16.17"
    "@esbuild/linux-ppc64" "0.16.17"
    "@esbuild/linux-riscv64" "0.16.17"
    "@esbuild/linux-s390x" "0.16.17"
    "@esbuild/linux-x64" "0.16.17"
    "@esbuild/netbsd-x64" "0.16.17"
    "@esbuild/openbsd-x64" "0.16.17"
    "@esbuild/sunos-x64" "0.16.17"
    "@esbuild/win32-arm64" "0.16.17"
    "@esbuild/win32-ia32" "0.16.17"
    "@esbuild/win32-x64" "0.16.17"

esm-env@^1.0.0:
  version "1.0.0"
  resolved "https://registry.yarnpkg.com/esm-env/-/esm-env-1.0.0.tgz#b124b40b180711690a4cb9b00d16573391950413"
  integrity sha512-Cf6VksWPsTuW01vU9Mk/3vRue91Zevka5SjyNf3nEpokFRuqt/KjUQoGAwq9qMmhpLTHmXzSIrFRw8zxWzmFBA==

form-data@^3.0.0:
  version "3.0.1"
  resolved "https://registry.yarnpkg.com/form-data/-/form-data-3.0.1.tgz#ebd53791b78356a99af9a300d4282c4d5eb9755f"
  integrity sha512-RHkBKtLWUVwd7SqRIvCZMEvAMoGUp0XU+seQiZejj0COz3RI3hWP4sCv3gZWWLjJTd7rGwcsF5eKZGii0r/hbg==
  dependencies:
    asynckit "^0.4.0"
    combined-stream "^1.0.8"
    mime-types "^2.1.12"

fs-extra@11.1.0:
  version "11.1.0"
  resolved "https://registry.yarnpkg.com/fs-extra/-/fs-extra-11.1.0.tgz#5784b102104433bb0e090f48bfc4a30742c357ed"
  integrity sha512-0rcTq621PD5jM/e0a3EJoGC/1TC5ZBCERW82LQuwfGnCa1V8w7dpYH1yNu+SLb6E5dkeCBzKEyLGlFrnr+dUyw==
  dependencies:
    graceful-fs "^4.2.0"
    jsonfile "^6.0.1"
    universalify "^2.0.0"

fs-extra@^9.1.0:
  version "9.1.0"
  resolved "https://registry.yarnpkg.com/fs-extra/-/fs-extra-9.1.0.tgz#5954460c764a8da2094ba3554bf839e6b9a7c86d"
  integrity sha512-hcg3ZmepS30/7BSFqRvoo3DOMQu7IjqxO5nCDt+zM9XWjb33Wg7ziNT+Qvqbuc3+gWpzO02JubVyk2G4Zvo1OQ==
  dependencies:
    at-least-node "^1.0.0"
    graceful-fs "^4.2.0"
    jsonfile "^6.0.1"
    universalify "^2.0.0"

fsevents@2.3.2, fsevents@~2.3.2:
  version "2.3.2"
  resolved "https://registry.yarnpkg.com/fsevents/-/fsevents-2.3.2.tgz#8a526f78b8fdf4623b709e0b975c52c24c02fd1a"
  integrity sha512-xiqMQR4xAeHTuB9uWm+fFRcIOgKBMiOBP+eXiyT7jsgVCq1bkVygt00oASowB7EdtpOHaaPgKt812P9ab+DDKA==

function-bind@^1.1.1:
  version "1.1.1"
  resolved "https://registry.yarnpkg.com/function-bind/-/function-bind-1.1.1.tgz#a56899d3ea3c9bab874bb9773b7c5ede92f4895d"
  integrity sha512-yIovAzMX49sF8Yl58fSCWJ5svSLuaibPxXQJFLmBObTuCr0Mf1KiPopGM9NiFjiYBCbfaa2Fh6breQ6ANVTI0A==

globalyzer@0.1.0:
  version "0.1.0"
  resolved "https://registry.yarnpkg.com/globalyzer/-/globalyzer-0.1.0.tgz#cb76da79555669a1519d5a8edf093afaa0bf1465"
  integrity sha512-40oNTM9UfG6aBmuKxk/giHn5nQ8RVz/SS4Ir6zgzOv9/qC3kKZ9v4etGTcJbEl/NyVQH7FGU7d+X1egr57Md2Q==

globrex@^0.1.2:
  version "0.1.2"
  resolved "https://registry.yarnpkg.com/globrex/-/globrex-0.1.2.tgz#dd5d9ec826232730cd6793a5e33a9302985e6098"
  integrity sha512-uHJgbwAMwNFf5mLst7IWLNg14x1CkeqglJb/K3doi4dw6q2IvAAmM/Y81kevy83wP+Sst+nutFTYOGg3d1lsxg==

graceful-fs@^4.1.6, graceful-fs@^4.2.0:
  version "4.2.10"
  resolved "https://registry.yarnpkg.com/graceful-fs/-/graceful-fs-4.2.10.tgz#147d3a006da4ca3ce14728c7aefc287c367d7a6c"
  integrity sha512-9ByhssR2fPVsNZj478qUUbKfmL0+t5BDVyjShtyZZLiK7ZDAArFFfopyOTj0M05wE2tJPisA4iTnnXl2YoPvOA==

has@^1.0.3:
  version "1.0.3"
  resolved "https://registry.yarnpkg.com/has/-/has-1.0.3.tgz#722d7cbfc1f6aa8241f16dd814e011e1f41e8796"
  integrity sha512-f2dvO0VU6Oej7RkWJGrehjbzMAjFp5/VKPp5tTpWIV4JHHZK1/BxbFRtf/siA2SWTe09caDmVtYYzWEIbBS4zw==
  dependencies:
    function-bind "^1.1.1"

ignore@^5.2.4:
  version "5.2.4"
  resolved "https://registry.yarnpkg.com/ignore/-/ignore-5.2.4.tgz#a291c0c6178ff1b960befe47fcdec301674a6324"
  integrity sha512-MAb38BcSbH0eHNBxn7ql2NH/kX33OkB3lZ1BNdh7ENeRChHTYsTvWrMubiIAMNS2llXEEgZ1MUOBtXChP3kaFQ==

is-core-module@^2.9.0:
  version "2.11.0"
  resolved "https://registry.yarnpkg.com/is-core-module/-/is-core-module-2.11.0.tgz#ad4cb3e3863e814523c96f3f58d26cc570ff0144"
  integrity sha512-RRjxlvLDkD1YJwDbroBHMb+cukurkDWNyHx7D3oNB5x9rb5ogcksMC5wHCadcXoo67gVr/+3GFySh3134zi6rw==
  dependencies:
    has "^1.0.3"

isexe@^2.0.0:
  version "2.0.0"
  resolved "https://registry.yarnpkg.com/isexe/-/isexe-2.0.0.tgz#e8fbf374dc556ff8947a10dcb0572d633f2cfa10"
  integrity sha512-RHxMLp9lnKHGHRng9QFhRCMbYAcVpn69smSGcq3f36xjgVVWThj4qqLbTLlq7Ssj8B+fIQ1EuCEGI2lKsyQeIw==

jsonfile@^6.0.1:
  version "6.1.0"
  resolved "https://registry.yarnpkg.com/jsonfile/-/jsonfile-6.1.0.tgz#bc55b2634793c679ec6403094eb13698a6ec0aae"
  integrity sha512-5dgndWOriYSm5cnYaJNhalLNDKOqFwyDB/rr1E9ZsGciGvKPs8R2xYGCacuf3z6K1YKDz182fd+fY3cn3pMqXQ==
  dependencies:
    universalify "^2.0.0"
  optionalDependencies:
    graceful-fs "^4.1.6"

jsonschema@^1.4.1:
  version "1.4.1"
  resolved "https://registry.yarnpkg.com/jsonschema/-/jsonschema-1.4.1.tgz#cc4c3f0077fb4542982973d8a083b6b34f482dab"
  integrity sha512-S6cATIPVv1z0IlxdN+zUk5EPjkGCdnhN4wVSBlvoUO1tOLJootbo9CquNJmbIh4yikWHiUedhRYrNPn1arpEmQ==

kleur@^4.1.5:
  version "4.1.5"
  resolved "https://registry.yarnpkg.com/kleur/-/kleur-4.1.5.tgz#95106101795f7050c6c650f350c683febddb1780"
  integrity sha512-o+NO+8WrRiQEE4/7nwRJhN1HWpVmJm511pBHUxPLtp0BUISzlBplORYSmTclCnJvQq2tKu/sgl3xVpkc7ZWuQQ==

lru-cache@^6.0.0:
  version "6.0.0"
  resolved "https://registry.yarnpkg.com/lru-cache/-/lru-cache-6.0.0.tgz#6d6fe6570ebd96aaf90fcad1dafa3b2566db3a94"
  integrity sha512-Jo6dJ04CmSjuznwJSS3pUeWmd/H0ffTlkXXgwZi+eq1UCmqQwCh+eLsYOYCwY991i2Fah4h1BEMCx4qThGbsiA==
  dependencies:
    yallist "^4.0.0"

magic-string@^0.27.0:
  version "0.27.0"
  resolved "https://registry.yarnpkg.com/magic-string/-/magic-string-0.27.0.tgz#e4a3413b4bab6d98d2becffd48b4a257effdbbf3"
  integrity sha512-8UnnX2PeRAPZuN12svgR9j7M1uWMovg/CEnIwIG0LFkXSJJe4PdfUGiTGl8V9bsBHFUtfVINcSyYxd7q+kx9fA==
  dependencies:
    "@jridgewell/sourcemap-codec" "^1.4.13"

magic-string@^0.29.0:
  version "0.29.0"
  resolved "https://registry.yarnpkg.com/magic-string/-/magic-string-0.29.0.tgz#f034f79f8c43dba4ae1730ffb5e8c4e084b16cf3"
  integrity sha512-WcfidHrDjMY+eLjlU+8OvwREqHwpgCeKVBUpQ3OhYYuvfaYCUgcbuBzappNzZvg/v8onU3oQj+BYpkOJe9Iw4Q==
  dependencies:
    "@jridgewell/sourcemap-codec" "^1.4.13"

mime-db@1.52.0:
  version "1.52.0"
  resolved "https://registry.yarnpkg.com/mime-db/-/mime-db-1.52.0.tgz#bbabcdc02859f4987301c856e3387ce5ec43bf70"
  integrity sha512-sPU4uV7dYlvtWJxwwxHD0PuihVNiE7TyAbQ5SWxDCB9mUYvOgroQOwYQQOKPJ8CIbE+1ETVlOoK1UC2nU3gYvg==

mime-types@^2.1.12:
  version "2.1.35"
  resolved "https://registry.yarnpkg.com/mime-types/-/mime-types-2.1.35.tgz#381a871b62a734450660ae3deee44813f70d959a"
  integrity sha512-ZDY+bPm5zTTF+YpCrAU9nK0UgICYPT0QtT1NZWFv4s++TNkcgVaT0g6+4R2uI4MjQjzysHB1zxuWL50hzaeXiw==
  dependencies:
    mime-db "1.52.0"

mime@^3.0.0:
  version "3.0.0"
  resolved "https://registry.yarnpkg.com/mime/-/mime-3.0.0.tgz#b374550dca3a0c18443b0c950a6a58f1931cf7a7"
  integrity sha512-jSCU7/VB1loIWBZe14aEYHU/+1UMEHoaO7qxCOVJOw9GgH72VAWppxNcjU+x9a2k3GSIBXNKxXQFqRvvZ7vr3A==

minimatch@^3.1.2:
  version "3.1.2"
  resolved "https://registry.yarnpkg.com/minimatch/-/minimatch-3.1.2.tgz#19cd194bfd3e428f049a70817c038d89ab4be35b"
  integrity sha512-J7p63hRiAjw1NDEww1W7i37+ByIrOWO5XQQAzZ3VOcL0PNybwpfmV/N05zFAzwQ9USyEcX6t3UO+K5aqBQOIHw==
  dependencies:
    brace-expansion "^1.1.7"

mri@^1.1.0:
  version "1.2.0"
  resolved "https://registry.yarnpkg.com/mri/-/mri-1.2.0.tgz#6721480fec2a11a4889861115a48b6cbe7cc8f0b"
  integrity sha512-tzzskb3bG8LvYGFF/mDTpq3jpI6Q9wc3LEmBaghu+DdCssd1FakN7Bc0hVNmEyGq1bq3RgfkCb3cmQLpNPOroA==

mrmime@^1.0.0:
  version "1.0.1"
  resolved "https://registry.yarnpkg.com/mrmime/-/mrmime-1.0.1.tgz#5f90c825fad4bdd41dc914eff5d1a8cfdaf24f27"
  integrity sha512-hzzEagAgDyoU1Q6yg5uI+AorQgdvMCur3FcKf7NhMKWsaYg+RnbTyHRa/9IlLF9rf455MOCtcqqrQQ83pPP7Uw==

ms@2.1.2:
  version "2.1.2"
  resolved "https://registry.yarnpkg.com/ms/-/ms-2.1.2.tgz#d09d1f357b443f493382a8eb3ccd183872ae6009"
  integrity sha512-sGkPx+VjMtmA6MX27oA4FBFELFCZZ4S4XqeGOXCv68tT+jb3vk/RyaKWP0PTKyWtmLSM0b+adUTEvbs1PEaH2w==

nanoid@^3.3.4:
  version "3.3.4"
  resolved "https://registry.yarnpkg.com/nanoid/-/nanoid-3.3.4.tgz#730b67e3cd09e2deacf03c027c81c9d9dbc5e8ab"
  integrity sha512-MqBkQh/OHTS2egovRtLk45wEyNXwF+cokD+1YPf9u5VfJiRdAiRwB2froX5Co9Rh20xs4siNPm8naNotSD6RBw==

path-key@^3.1.0:
  version "3.1.1"
  resolved "https://registry.yarnpkg.com/path-key/-/path-key-3.1.1.tgz#581f6ade658cbba65a0d3380de7753295054f375"
  integrity sha512-ojmeN0qd+y0jszEtoY48r0Peq5dwMEkIlCOu6Q5f41lfkswXuKtYrhgoTpLnyIcHm24Uhqx+5Tqm2InSwLhE6Q==

path-parse@^1.0.7:
  version "1.0.7"
  resolved "https://registry.yarnpkg.com/path-parse/-/path-parse-1.0.7.tgz#fbc114b60ca42b30d9daf5858e4bd68bbedb6735"
  integrity sha512-LDJzPVEEEPR+y48z93A0Ed0yXb8pAByGWo/k5YYdYgpY2/2EsOsksJrq7lOHxryrVOn1ejG6oAp8ahvOIQD8sw==

picocolors@^1.0.0:
  version "1.0.0"
  resolved "https://registry.yarnpkg.com/picocolors/-/picocolors-1.0.0.tgz#cb5bdc74ff3f51892236eaf79d68bc44564ab81c"
  integrity sha512-1fygroTLlHu66zi26VoTDv8yRgm0Fccecssto+MhsZ0D/DGW2sm8E8AjW7NU5VVTRt5GxbeZ5qBuJr+HyLYkjQ==

postcss@^8.4.21:
  version "8.4.21"
  resolved "https://registry.yarnpkg.com/postcss/-/postcss-8.4.21.tgz#c639b719a57efc3187b13a1d765675485f4134f4"
  integrity sha512-tP7u/Sn/dVxK2NnruI4H9BG+x+Wxz6oeZ1cJ8P6G/PZY0IKk4k/63TDsQf2kQq3+qoJeLm2kIBUNlZe3zgb4Zg==
  dependencies:
    nanoid "^3.3.4"
    picocolors "^1.0.0"
    source-map-js "^1.0.2"

prettier@2.8.4:
  version "2.8.4"
  resolved "https://registry.yarnpkg.com/prettier/-/prettier-2.8.4.tgz#34dd2595629bfbb79d344ac4a91ff948694463c3"
  integrity sha512-vIS4Rlc2FNh0BySk3Wkd6xmwxB0FpOndW5fisM5H8hsZSxU2VWVB5CWIkIjWvrHjIhxk2g3bfMKM87zNTrZddw==

punycode@^2.3.0:
  version "2.3.0"
  resolved "https://registry.yarnpkg.com/punycode/-/punycode-2.3.0.tgz#f67fa67c94da8f4d0cfff981aee4118064199b8f"
  integrity sha512-rRV+zQD8tVFys26lAGR9WUuS4iUAngJScM+ZRSKtvl5tKeZ2t5bvdNFdNHBW9FWR4guGHlgmsZ1G7BSm2wTbuA==

resolve@^1.22.1:
  version "1.22.1"
  resolved "https://registry.yarnpkg.com/resolve/-/resolve-1.22.1.tgz#27cb2ebb53f91abb49470a928bba7558066ac177"
  integrity sha512-nBpuuYuY5jFsli/JIs1oldw6fOQCBioohqWZg/2hiaOybXOft4lonv85uDOKXdf8rhyK159cxU5cDcK/NKk8zw==
  dependencies:
    is-core-module "^2.9.0"
    path-parse "^1.0.7"
    supports-preserve-symlinks-flag "^1.0.0"

rollup@^3.10.0:
  version "3.16.0"
  resolved "https://registry.yarnpkg.com/rollup/-/rollup-3.16.0.tgz#2ca49e0f8015dda814f2cb93015775e58134611b"
  integrity sha512-9wE1H5N1SJqnROpQanBGJ7lrIitwlUYGj4Va4eyf3+vNhoIHLPLag2/CUGIiq3V9lHOBJB6zTsGsPvc50oeihg==
  optionalDependencies:
    fsevents "~2.3.2"

sade@^1.8.1:
  version "1.8.1"
  resolved "https://registry.yarnpkg.com/sade/-/sade-1.8.1.tgz#0a78e81d658d394887be57d2a409bf703a3b2701"
  integrity sha512-xal3CZX1Xlo/k4ApwCFrHVACi9fBqJ7V+mwhBsuf/1IOKbBy098Fex+Wa/5QMubw09pSZ/u8EY8PWgevJsXp1A==
  dependencies:
    mri "^1.1.0"

semver@^7.3.8:
  version "7.3.8"
  resolved "https://registry.yarnpkg.com/semver/-/semver-7.3.8.tgz#07a78feafb3f7b32347d725e33de7e2a2df67798"
  integrity sha512-NB1ctGL5rlHrPJtFDVIVzTyQylMLu9N9VICA6HSFJo8MCGVTMW6gfpicwKmmK/dAjTOrqu5l63JJOpDSrAis3A==
  dependencies:
    lru-cache "^6.0.0"

set-cookie-parser@^2.5.1:
  version "2.5.1"
  resolved "https://registry.yarnpkg.com/set-cookie-parser/-/set-cookie-parser-2.5.1.tgz#ddd3e9a566b0e8e0862aca974a6ac0e01349430b"
  integrity sha512-1jeBGaKNGdEq4FgIrORu/N570dwoPYio8lSoYLWmX7sQ//0JY08Xh9o5pBcgmHQ/MbsYp/aZnOe1s1lIsbLprQ==

shebang-command@^2.0.0:
  version "2.0.0"
  resolved "https://registry.yarnpkg.com/shebang-command/-/shebang-command-2.0.0.tgz#ccd0af4f8835fbdc265b82461aaf0c36663f34ea"
  integrity sha512-kHxr2zZpYtdmrN1qDjrrX/Z1rR1kG8Dx+gkpK1G4eXmvXswmcE1hTWBWYUzlraYw1/yZp6YuDY77YtvbN0dmDA==
  dependencies:
    shebang-regex "^3.0.0"

shebang-regex@^3.0.0:
  version "3.0.0"
  resolved "https://registry.yarnpkg.com/shebang-regex/-/shebang-regex-3.0.0.tgz#ae16f1644d873ecad843b0307b143362d4c42172"
  integrity sha512-7++dFhtcx3353uBaq8DDR4NuxBetBzC7ZQOhmTQInHEd6bSrXdiEyzCvG07Z44UYdLShWUyXt5M/yhz8ekcb1A==

sirv@^2.0.2:
  version "2.0.2"
  resolved "https://registry.yarnpkg.com/sirv/-/sirv-2.0.2.tgz#128b9a628d77568139cff85703ad5497c46a4760"
  integrity sha512-4Qog6aE29nIjAOKe/wowFTxOdmbEZKb+3tsLljaBRzJwtqto0BChD2zzH0LhgCSXiI+V7X+Y45v14wBZQ1TK3w==
  dependencies:
    "@polka/url" "^1.0.0-next.20"
    mrmime "^1.0.0"
    totalist "^3.0.0"

source-map-js@^1.0.2:
  version "1.0.2"
  resolved "https://registry.yarnpkg.com/source-map-js/-/source-map-js-1.0.2.tgz#adbc361d9c62df380125e7f161f71c826f1e490c"
  integrity sha512-R0XvVJ9WusLiqTCEiGCmICCMplcCkIwwR11mOSD9CR5u+IXYdiseeEuXCVAjS54zqwkLcPNnmU4OeJ6tUrWhDw==

streamsearch@^1.1.0:
  version "1.1.0"
  resolved "https://registry.yarnpkg.com/streamsearch/-/streamsearch-1.1.0.tgz#404dd1e2247ca94af554e841a8ef0eaa238da764"
  integrity sha512-Mcc5wHehp9aXz1ax6bZUyY5afg9u2rv5cqQI3mRrYkGC8rW2hM02jWuwjtL++LS5qinSyhj2QfLyNsuc+VsExg==

supports-preserve-symlinks-flag@^1.0.0:
  version "1.0.0"
  resolved "https://registry.yarnpkg.com/supports-preserve-symlinks-flag/-/supports-preserve-symlinks-flag-1.0.0.tgz#6eda4bd344a3c94aea376d4cc31bc77311039e09"
  integrity sha512-ot0WnXS9fgdkgIcePe6RHNk1WA8+muPa6cSjeR3V8K27q9BB1rTE3R1p7Hv0z1ZyAc8s6Vvv8DIyWf681MAt0w==

svelte-hmr@^0.15.1:
  version "0.15.1"
  resolved "https://registry.yarnpkg.com/svelte-hmr/-/svelte-hmr-0.15.1.tgz#d11d878a0bbb12ec1cba030f580cd2049f4ec86b"
  integrity sha512-BiKB4RZ8YSwRKCNVdNxK/GfY+r4Kjgp9jCLEy0DuqAKfmQtpL38cQK3afdpjw4sqSs4PLi3jIPJIFp259NkZtA==

svelte@3.55.1:
  version "3.55.1"
  resolved "https://registry.yarnpkg.com/svelte/-/svelte-3.55.1.tgz#6f93b153e5248039906ce5fe196efdb9e05dfce8"
  integrity sha512-S+87/P0Ve67HxKkEV23iCdAh/SX1xiSfjF1HOglno/YTbSTW7RniICMCofWGdJJbdjw3S+0PfFb1JtGfTXE0oQ==

tiny-glob@^0.2.9:
  version "0.2.9"
  resolved "https://registry.yarnpkg.com/tiny-glob/-/tiny-glob-0.2.9.tgz#2212d441ac17928033b110f8b3640683129d31e2"
  integrity sha512-g/55ssRPUjShh+xkfx9UPDXqhckHEsHr4Vd9zX55oSdGZc/MD0m3sferOkwWtp98bv+kcVfEHtRJgBVJzelrzg==
  dependencies:
    globalyzer "0.1.0"
    globrex "^0.1.2"

totalist@^3.0.0:
  version "3.0.0"
  resolved "https://registry.yarnpkg.com/totalist/-/totalist-3.0.0.tgz#4ef9c58c5f095255cdc3ff2a0a55091c57a3a1bd"
  integrity sha512-eM+pCBxXO/njtF7vdFsHuqb+ElbxqtI4r5EAvk6grfAFyJ6IvWlSkfZ5T9ozC6xWw3Fj1fGoSmrl0gUs46JVIw==

typescript@4.9.5:
  version "4.9.5"
  resolved "https://registry.yarnpkg.com/typescript/-/typescript-4.9.5.tgz#095979f9bcc0d09da324d58d03ce8f8374cbe65a"
  integrity sha512-1FXk9E2Hm+QzZQ7z+McJiHL4NW1F2EzMu9Nq9i3zAaGqibafqYwCVU6WyWAuyQRRzOlxou8xZSyXLEN8oKj24g==

undici@5.19.1:
  version "5.19.1"
  resolved "https://registry.yarnpkg.com/undici/-/undici-5.19.1.tgz#92b1fd3ab2c089b5a6bd3e579dcda8f1934ebf6d"
  integrity sha512-YiZ61LPIgY73E7syxCDxxa3LV2yl3sN8spnIuTct60boiiRaE1J8mNWHO8Im2Zi/sFrPusjLlmRPrsyraSqX6A==
  dependencies:
    busboy "^1.6.0"

universalify@^2.0.0:
  version "2.0.0"
  resolved "https://registry.yarnpkg.com/universalify/-/universalify-2.0.0.tgz#75a4984efedc4b08975c5aeb73f530d02df25717"
  integrity sha512-hAZsKq7Yy11Zu1DE0OzWjw7nnLZmJZYTDZZyEFHZdUhV8FkH5MCfoU1XMaxXovpyW5nq5scPqq0ZDP9Zyl04oQ==

update-dotenv@1.1.1:
  version "1.1.1"
  resolved "https://registry.yarnpkg.com/update-dotenv/-/update-dotenv-1.1.1.tgz#17146f302f216c3c92419d5a327a45be910050ca"
  integrity sha512-3cIC18In/t0X/yH793c00qqxcKD8jVCgNOPif/fGQkFpYMGecM9YAc+kaAKXuZsM2dE9I9wFI7KvAuNX22SGMQ==

vite@4.1.2:
  version "4.1.2"
  resolved "https://registry.yarnpkg.com/vite/-/vite-4.1.2.tgz#6908882984e490c44c28e784a2c52de556f04b41"
  integrity sha512-MWDb9Rfy3DI8omDQySbMK93nQqStwbsQWejXRY2EBzEWKmLAXWb1mkI9Yw2IJrc+oCvPCI1Os5xSSIBYY6DEAw==
  dependencies:
    esbuild "^0.16.14"
    postcss "^8.4.21"
    resolve "^1.22.1"
    rollup "^3.10.0"
  optionalDependencies:
    fsevents "~2.3.2"

vitefu@^0.2.3:
  version "0.2.4"
  resolved "https://registry.yarnpkg.com/vitefu/-/vitefu-0.2.4.tgz#212dc1a9d0254afe65e579351bed4e25d81e0b35"
  integrity sha512-fanAXjSaf9xXtOOeno8wZXIhgia+CZury481LsDaV++lSvcU2R9Ch2bPh3PYFyoHW+w9LqAeYRISVQjUIew14g==

which@^2.0.1:
  version "2.0.2"
  resolved "https://registry.yarnpkg.com/which/-/which-2.0.2.tgz#7c6a8dd0a636a0327e10b59c9286eee93f3f51b1"
  integrity sha512-BLI3Tl1TW3Pvl70l3yq3Y64i+awpwXqsGBYWkkqMtnbXgrMD+yj7rhW0kuEDxzJaYXGjEW5ogapKNMEKNMjibA==
  dependencies:
    isexe "^2.0.0"

yallist@^4.0.0:
  version "4.0.0"
  resolved "https://registry.yarnpkg.com/yallist/-/yallist-4.0.0.tgz#9bb92790d9c0effec63be73519e11a35019a3a72"
  integrity sha512-3wdGidZyq5PB084XLES5TpOSRA3wjXAlIWMhum2kRcv/41Sn2emQ0dycQW4uZXLejwKvg6EsvbdlVL+FYEct7A==

yaml@1.10.2:
  version "1.10.2"
  resolved "https://registry.yarnpkg.com/yaml/-/yaml-1.10.2.tgz#2301c5ffbf12b467de8da2333a459e29e7920e4b"
  integrity sha512-r3vXyErRCYJ7wg28yvBY5VSoAF8ZvlcW9/BwUzEtUsjvX/DKs24dIkuwjtuprwJJHsbyUbLApepYTR1BN4uHrg==
