# THIS IS AN AUTOGENERATED FILE. DO NOT EDIT THIS FILE DIRECTLY.
# yarn lockfile v1


"@aws-cdk/assets@1.165.0":
  version "1.165.0"
  resolved "https://registry.yarnpkg.com/@aws-cdk/assets/-/assets-1.165.0.tgz#c132cfda1839280feeca2b958b40edafe106b276"
  integrity sha512-60Zr4DSJskkGXn0iJgb1aAv3pKNpIgv8f6k3CmFvTTBAfu629W2rQ4tZJVNPvjx4POfAeIpljcENbp1eyCujRQ==
  dependencies:
    "@aws-cdk/core" "1.165.0"
    "@aws-cdk/cx-api" "1.165.0"
    constructs "^3.3.69"

"@aws-cdk/aws-acmpca@1.165.0":
  version "1.165.0"
  resolved "https://registry.yarnpkg.com/@aws-cdk/aws-acmpca/-/aws-acmpca-1.165.0.tgz#269ec67439a48633290a95df7433c2b882738ce0"
  integrity sha512-yD7+3TCB6LFLp5H0K1eUGmmRJENaGP67qwmz+Ephxs+LlU0kKdi0BkfiXQCB3bb6k7z6YGv+Aa6hPzfEk3OX3Q==
  dependencies:
    "@aws-cdk/core" "1.165.0"
    constructs "^3.3.69"

"@aws-cdk/aws-apigateway@1.165.0":
  version "1.165.0"
  resolved "https://registry.yarnpkg.com/@aws-cdk/aws-apigateway/-/aws-apigateway-1.165.0.tgz#a0373205e14bd8f5664f3332941c392c0402963e"
  integrity sha512-JBaStH2usHJMEIJzbD450qQxP5QNw63CI17rixdNHctRPNEuC2LU0EjcyOZa176CIRVh0TOiqYnqG7Fed/wV9w==
  dependencies:
    "@aws-cdk/aws-certificatemanager" "1.165.0"
    "@aws-cdk/aws-cloudwatch" "1.165.0"
    "@aws-cdk/aws-cognito" "1.165.0"
    "@aws-cdk/aws-ec2" "1.165.0"
    "@aws-cdk/aws-elasticloadbalancingv2" "1.165.0"
    "@aws-cdk/aws-iam" "1.165.0"
    "@aws-cdk/aws-lambda" "1.165.0"
    "@aws-cdk/aws-logs" "1.165.0"
    "@aws-cdk/aws-s3" "1.165.0"
    "@aws-cdk/aws-s3-assets" "1.165.0"
    "@aws-cdk/aws-stepfunctions" "1.165.0"
    "@aws-cdk/core" "1.165.0"
    "@aws-cdk/cx-api" "1.165.0"
    constructs "^3.3.69"

"@aws-cdk/aws-apigatewayv2-integrations@1.165.0":
  version "1.165.0"
  resolved "https://registry.yarnpkg.com/@aws-cdk/aws-apigatewayv2-integrations/-/aws-apigatewayv2-integrations-1.165.0.tgz#cb045a80dcc35f4c5b6a44c0e6492c00d6d75cab"
  integrity sha512-9skiS3OI3YFWz8edblQ5lONfrjAnozsV+xAgiTHpopXUW5y3l6S5yVSbZkiDfVMwhPZQ0mKwh1oKVa+dGF0zIw==
  dependencies:
    "@aws-cdk/aws-apigatewayv2" "1.165.0"
    "@aws-cdk/aws-ec2" "1.165.0"
    "@aws-cdk/aws-elasticloadbalancingv2" "1.165.0"
    "@aws-cdk/aws-iam" "1.165.0"
    "@aws-cdk/aws-lambda" "1.165.0"
    "@aws-cdk/aws-servicediscovery" "1.165.0"
    "@aws-cdk/core" "1.165.0"
    constructs "^3.3.69"

"@aws-cdk/aws-apigatewayv2@1.165.0":
  version "1.165.0"
  resolved "https://registry.yarnpkg.com/@aws-cdk/aws-apigatewayv2/-/aws-apigatewayv2-1.165.0.tgz#139d365c9d299acabf3b18e7e66c46e1dc68426f"
  integrity sha512-+7H+Xcz7T+2J2iFYLlogZcsEiNBhqwS7UOD5D52n+x0Yi4+bjGswK+OkunPAMsp7P9+4tnXHOLgK/db8kEgEVw==
  dependencies:
    "@aws-cdk/aws-certificatemanager" "1.165.0"
    "@aws-cdk/aws-cloudwatch" "1.165.0"
    "@aws-cdk/aws-ec2" "1.165.0"
    "@aws-cdk/aws-iam" "1.165.0"
    "@aws-cdk/aws-s3" "1.165.0"
    "@aws-cdk/core" "1.165.0"
    constructs "^3.3.69"

"@aws-cdk/aws-applicationautoscaling@1.165.0":
  version "1.165.0"
  resolved "https://registry.yarnpkg.com/@aws-cdk/aws-applicationautoscaling/-/aws-applicationautoscaling-1.165.0.tgz#7c4dcc527c7f0ea28d6fbcce1a1707851119f071"
  integrity sha512-U/xC/5yHeDn0JRfTlvI5q+OAHxGGLbJAxoXERi7wrKJirs0LoXuan43Nq3zMuIoNux1jX1USGmXwvRBOL+d1sg==
  dependencies:
    "@aws-cdk/aws-autoscaling-common" "1.165.0"
    "@aws-cdk/aws-cloudwatch" "1.165.0"
    "@aws-cdk/aws-iam" "1.165.0"
    "@aws-cdk/core" "1.165.0"
    constructs "^3.3.69"

"@aws-cdk/aws-autoscaling-common@1.165.0":
  version "1.165.0"
  resolved "https://registry.yarnpkg.com/@aws-cdk/aws-autoscaling-common/-/aws-autoscaling-common-1.165.0.tgz#4261ee772c464c202349370ce57fc65251162a2a"
  integrity sha512-UfQvC5FX4N05SpCHGCYnO5FwdGUzMqm8DtxBdmyKJ17MnLGxbShVg98xd3YurzRVAimKYePu+K0GJsup+zOf7A==
  dependencies:
    "@aws-cdk/aws-iam" "1.165.0"
    "@aws-cdk/core" "1.165.0"
    constructs "^3.3.69"

"@aws-cdk/aws-certificatemanager@1.165.0":
  version "1.165.0"
  resolved "https://registry.yarnpkg.com/@aws-cdk/aws-certificatemanager/-/aws-certificatemanager-1.165.0.tgz#a8f4f3ad8476b56c5859ee905b536956492b1798"
  integrity sha512-hDfc+Ho2+pFkyzphWC3UXOqohSyVHWaCZym0f3ksxNfNSROyTVCq86S+JA+zslCGVCV0zFMhH5IfsN+0RIzJiQ==
  dependencies:
    "@aws-cdk/aws-acmpca" "1.165.0"
    "@aws-cdk/aws-cloudwatch" "1.165.0"
    "@aws-cdk/aws-iam" "1.165.0"
    "@aws-cdk/aws-lambda" "1.165.0"
    "@aws-cdk/aws-route53" "1.165.0"
    "@aws-cdk/core" "1.165.0"
    constructs "^3.3.69"

"@aws-cdk/aws-cloudformation@1.165.0":
  version "1.165.0"
  resolved "https://registry.yarnpkg.com/@aws-cdk/aws-cloudformation/-/aws-cloudformation-1.165.0.tgz#53fae093a16326affccf9c364130e5ada4c7058c"
  integrity sha512-T3EWQOSp/A3Yrmk/z71B48D4QLG2/VDk0s1pAzs+NLA2YJchm02YqXO9JrEJjGArxfN1it4vf7ynpw13RL4fbg==
  dependencies:
    "@aws-cdk/aws-iam" "1.165.0"
    "@aws-cdk/aws-lambda" "1.165.0"
    "@aws-cdk/aws-s3" "1.165.0"
    "@aws-cdk/aws-sns" "1.165.0"
    "@aws-cdk/core" "1.165.0"
    "@aws-cdk/cx-api" "1.165.0"
    constructs "^3.3.69"

"@aws-cdk/aws-cloudfront-origins@1.165.0":
  version "1.165.0"
  resolved "https://registry.yarnpkg.com/@aws-cdk/aws-cloudfront-origins/-/aws-cloudfront-origins-1.165.0.tgz#5329f8a22aa33e02f94b06eba17bc2195921d0a2"
  integrity sha512-oupWc/ZKhBywTt5JyJyc92MDPP2YwqprL7se5UHHREHQVPYc+Tip7OfsRTZZCVP/Bmy1mhinFWRKO+I3yFScYA==
  dependencies:
    "@aws-cdk/aws-apigateway" "1.165.0"
    "@aws-cdk/aws-cloudfront" "1.165.0"
    "@aws-cdk/aws-elasticloadbalancingv2" "1.165.0"
    "@aws-cdk/aws-iam" "1.165.0"
    "@aws-cdk/aws-s3" "1.165.0"
    "@aws-cdk/core" "1.165.0"
    constructs "^3.3.69"

"@aws-cdk/aws-cloudfront@1.165.0":
  version "1.165.0"
  resolved "https://registry.yarnpkg.com/@aws-cdk/aws-cloudfront/-/aws-cloudfront-1.165.0.tgz#5b916219759f4ff1d6e8cb81aab4033f01a3ecd7"
  integrity sha512-O6+aTSOV36RLvlMMfYhFxBmq+oV+bK6MO3rsF2W733dIjs+W8tsp3waibp/NDICX8L/IQ0xRM1Giu8qVwHj2fw==
  dependencies:
    "@aws-cdk/aws-certificatemanager" "1.165.0"
    "@aws-cdk/aws-cloudwatch" "1.165.0"
    "@aws-cdk/aws-ec2" "1.165.0"
    "@aws-cdk/aws-iam" "1.165.0"
    "@aws-cdk/aws-kms" "1.165.0"
    "@aws-cdk/aws-lambda" "1.165.0"
    "@aws-cdk/aws-s3" "1.165.0"
    "@aws-cdk/aws-ssm" "1.165.0"
    "@aws-cdk/core" "1.165.0"
    "@aws-cdk/cx-api" "1.165.0"
    constructs "^3.3.69"

"@aws-cdk/aws-cloudwatch@1.165.0":
  version "1.165.0"
  resolved "https://registry.yarnpkg.com/@aws-cdk/aws-cloudwatch/-/aws-cloudwatch-1.165.0.tgz#a7d047473a8bbeab8a3d975a4a29ca4ad1167f1e"
  integrity sha512-Ll1qX/BqUM195zMhDp+uVAe+9P+kvlipAkVuGpFjDngQhrmBnE3igEBXVYGrko8luXGYvol55ooFREM34/uPbg==
  dependencies:
    "@aws-cdk/aws-iam" "1.165.0"
    "@aws-cdk/core" "1.165.0"
    constructs "^3.3.69"

"@aws-cdk/aws-codeguruprofiler@1.165.0":
  version "1.165.0"
  resolved "https://registry.yarnpkg.com/@aws-cdk/aws-codeguruprofiler/-/aws-codeguruprofiler-1.165.0.tgz#65952b7807fa7406e4eb037f37252d474df5885e"
  integrity sha512-ob8ehA5xMBXRRk+aTfTZm2SD6QlJq0zLrShkMbWx1V2coORJavzHlj5YjcWYvniXmyqzv3QAube/5wU/EsnbRA==
  dependencies:
    "@aws-cdk/aws-iam" "1.165.0"
    "@aws-cdk/core" "1.165.0"
    constructs "^3.3.69"

"@aws-cdk/aws-codestarnotifications@1.165.0":
  version "1.165.0"
  resolved "https://registry.yarnpkg.com/@aws-cdk/aws-codestarnotifications/-/aws-codestarnotifications-1.165.0.tgz#47b4097728b7f31fc4cdc4995116e813704dd72c"
  integrity sha512-qSvhfHx9vVa5xFKGF1cjyi0Fp/vd1rBjHi5t8XQ+wAD5PbbtSDKU7PjJz9atdAocsKjm6IuzzTEgUVpH777Fxg==
  dependencies:
    "@aws-cdk/core" "1.165.0"
    constructs "^3.3.69"

"@aws-cdk/aws-cognito@1.165.0":
  version "1.165.0"
  resolved "https://registry.yarnpkg.com/@aws-cdk/aws-cognito/-/aws-cognito-1.165.0.tgz#5972978a9768264d5e54610166555d501a98ffe5"
  integrity sha512-P3onjAE3xpUmxi1RYRie8kw//jScig4huGZUliIhuWAfw0tWMm8LSTQ88vXwg7N0M5zgzBYaWjQ3niUjzxCfng==
  dependencies:
    "@aws-cdk/aws-certificatemanager" "1.165.0"
    "@aws-cdk/aws-iam" "1.165.0"
    "@aws-cdk/aws-kms" "1.165.0"
    "@aws-cdk/aws-lambda" "1.165.0"
    "@aws-cdk/core" "1.165.0"
    "@aws-cdk/custom-resources" "1.165.0"
    constructs "^3.3.69"
    punycode "^2.1.1"

"@aws-cdk/aws-ec2@1.165.0":
  version "1.165.0"
  resolved "https://registry.yarnpkg.com/@aws-cdk/aws-ec2/-/aws-ec2-1.165.0.tgz#cc968fbc973bac8bd963f693edffe8784fcaf567"
  integrity sha512-LXY3JDq7aywFOa/BDo5PEDfFec64sWJgNV633tlCqN790eudU6LDJRtuZceL8va/25IUG+Qj3f4he9ex4p1J3w==
  dependencies:
    "@aws-cdk/aws-cloudwatch" "1.165.0"
    "@aws-cdk/aws-iam" "1.165.0"
    "@aws-cdk/aws-kms" "1.165.0"
    "@aws-cdk/aws-logs" "1.165.0"
    "@aws-cdk/aws-s3" "1.165.0"
    "@aws-cdk/aws-s3-assets" "1.165.0"
    "@aws-cdk/aws-ssm" "1.165.0"
    "@aws-cdk/cloud-assembly-schema" "1.165.0"
    "@aws-cdk/core" "1.165.0"
    "@aws-cdk/cx-api" "1.165.0"
    "@aws-cdk/region-info" "1.165.0"
    constructs "^3.3.69"

"@aws-cdk/aws-ecr-assets@1.165.0":
  version "1.165.0"
  resolved "https://registry.yarnpkg.com/@aws-cdk/aws-ecr-assets/-/aws-ecr-assets-1.165.0.tgz#2f97893a2d0435c1e5c60355793d541715d6890b"
  integrity sha512-Ix/GRkikdru5OsE+ce5IPTJ2shPi3WG+nFmIrUMs94n8nHOVTCuAeQxDXCrZwIiu28uv/53Ql2iaMmlIkslc7w==
  dependencies:
    "@aws-cdk/assets" "1.165.0"
    "@aws-cdk/aws-ecr" "1.165.0"
    "@aws-cdk/aws-iam" "1.165.0"
    "@aws-cdk/aws-s3" "1.165.0"
    "@aws-cdk/core" "1.165.0"
    "@aws-cdk/cx-api" "1.165.0"
    constructs "^3.3.69"

"@aws-cdk/aws-ecr@1.165.0":
  version "1.165.0"
  resolved "https://registry.yarnpkg.com/@aws-cdk/aws-ecr/-/aws-ecr-1.165.0.tgz#ca9468c971784c0b951f2c5c73cee47270c2cfc9"
  integrity sha512-o74ybRHsJDD6S6U8NVnr2+vYzEO5WhIyXw3nJYjbs3pPe/74TsyKalaK+blsnBFljK9E+L8OsZsYENxCpqptIw==
  dependencies:
    "@aws-cdk/aws-events" "1.165.0"
    "@aws-cdk/aws-iam" "1.165.0"
    "@aws-cdk/aws-kms" "1.165.0"
    "@aws-cdk/core" "1.165.0"
    constructs "^3.3.69"

"@aws-cdk/aws-efs@1.165.0":
  version "1.165.0"
  resolved "https://registry.yarnpkg.com/@aws-cdk/aws-efs/-/aws-efs-1.165.0.tgz#eb68cf5741957c2f3692c442ff186ad36e627ef0"
  integrity sha512-729Iy6aopsL3uVu/ZtS3M9HiKLS3m8PTxwXEb1eQkI7e7UnkjyGyZ7HvgUY0l5lkz2im4AHyDCPDEWisRKfAPQ==
  dependencies:
    "@aws-cdk/aws-ec2" "1.165.0"
    "@aws-cdk/aws-iam" "1.165.0"
    "@aws-cdk/aws-kms" "1.165.0"
    "@aws-cdk/cloud-assembly-schema" "1.165.0"
    "@aws-cdk/core" "1.165.0"
    "@aws-cdk/cx-api" "1.165.0"
    constructs "^3.3.69"

"@aws-cdk/aws-elasticloadbalancing@1.165.0":
  version "1.165.0"
  resolved "https://registry.yarnpkg.com/@aws-cdk/aws-elasticloadbalancing/-/aws-elasticloadbalancing-1.165.0.tgz#fc8c61dd9f392a3c506e3cc5a5ad51c310a095d1"
  integrity sha512-DjJlfbRJuDo+EkGnDHfza6NMLD++0q8uz+B5OmQKjNBO6AJ8hCVwgonikrqX0XoBTZNTSPwfPwm4Mo0t6ZQkWA==
  dependencies:
    "@aws-cdk/aws-ec2" "1.165.0"
    "@aws-cdk/core" "1.165.0"
    constructs "^3.3.69"

"@aws-cdk/aws-elasticloadbalancingv2@1.165.0":
  version "1.165.0"
  resolved "https://registry.yarnpkg.com/@aws-cdk/aws-elasticloadbalancingv2/-/aws-elasticloadbalancingv2-1.165.0.tgz#17b07738f76b03df9a94bf7eab3eb993ba1e25d4"
  integrity sha512-SFwlRbCIl0tVaqhMEVZVjG5t//yhd8BnV1Ur2X1/0STJUt1z6HfZggrlW0AmDKTk+Fxes+dzsbVzj6YkytY/qw==
  dependencies:
    "@aws-cdk/aws-certificatemanager" "1.165.0"
    "@aws-cdk/aws-cloudwatch" "1.165.0"
    "@aws-cdk/aws-ec2" "1.165.0"
    "@aws-cdk/aws-iam" "1.165.0"
    "@aws-cdk/aws-lambda" "1.165.0"
    "@aws-cdk/aws-route53" "1.165.0"
    "@aws-cdk/aws-s3" "1.165.0"
    "@aws-cdk/cloud-assembly-schema" "1.165.0"
    "@aws-cdk/core" "1.165.0"
    "@aws-cdk/cx-api" "1.165.0"
    "@aws-cdk/region-info" "1.165.0"
    constructs "^3.3.69"

"@aws-cdk/aws-events@1.165.0":
  version "1.165.0"
  resolved "https://registry.yarnpkg.com/@aws-cdk/aws-events/-/aws-events-1.165.0.tgz#4ffb10e1224d3c377706c8bfbc122e9b47af89b8"
  integrity sha512-d7h9UGjCvC8XZyuyWjF1518YwmWLhk0iz2zSJiZ3jTaq/LiupWHhbPjYFxvg/IJ82GLVUgRs2woUkTrViolA9Q==
  dependencies:
    "@aws-cdk/aws-iam" "1.165.0"
    "@aws-cdk/core" "1.165.0"
    constructs "^3.3.69"

"@aws-cdk/aws-globalaccelerator@1.165.0":
  version "1.165.0"
  resolved "https://registry.yarnpkg.com/@aws-cdk/aws-globalaccelerator/-/aws-globalaccelerator-1.165.0.tgz#32e001c9281098769f6bc22976f884441c5a4c9f"
  integrity sha512-SZnIFErLEu3UDJMQglZ/hPiJpXVz5awXkCnQw9ODng7IeAFkb8fw8QaRLNCJ04OgzVtdGGzPEVAEOrsamPy2fw==
  dependencies:
    "@aws-cdk/aws-ec2" "1.165.0"
    "@aws-cdk/core" "1.165.0"
    "@aws-cdk/custom-resources" "1.165.0"
    constructs "^3.3.69"

"@aws-cdk/aws-iam@1.165.0":
  version "1.165.0"
  resolved "https://registry.yarnpkg.com/@aws-cdk/aws-iam/-/aws-iam-1.165.0.tgz#0db538eea3e120e75991d4d05b884c7cd52bdfb0"
  integrity sha512-vsA3ZT5vUesRqYIjz/ZrCOQFRDeMCWIWN8B9YSMyfk7rgpLsZGhA+ds/I3jRrXBGFZD1uZgBOU9bE/ItUgmX9g==
  dependencies:
    "@aws-cdk/core" "1.165.0"
    "@aws-cdk/cx-api" "1.165.0"
    "@aws-cdk/region-info" "1.165.0"
    constructs "^3.3.69"

"@aws-cdk/aws-kms@1.165.0":
  version "1.165.0"
  resolved "https://registry.yarnpkg.com/@aws-cdk/aws-kms/-/aws-kms-1.165.0.tgz#46a4c2c638dcdd1b0f494f94a19abba549b0b5d3"
  integrity sha512-oT2LNm77m6Y1PHLGVZY4Vp1r0vbq55HOttxCAWTyPOE4gQh22zfmoEOOLnTblsGYK8MjfakE66YE9gUi8G/97Q==
  dependencies:
    "@aws-cdk/aws-iam" "1.165.0"
    "@aws-cdk/cloud-assembly-schema" "1.165.0"
    "@aws-cdk/core" "1.165.0"
    "@aws-cdk/cx-api" "1.165.0"
    constructs "^3.3.69"

"@aws-cdk/aws-lambda@1.165.0":
  version "1.165.0"
  resolved "https://registry.yarnpkg.com/@aws-cdk/aws-lambda/-/aws-lambda-1.165.0.tgz#c86ec9815568b6a7e03eef1f910b7a83e556ac31"
  integrity sha512-1vKrpDIbqbfmkZd7fe64SOQ1mbmfLuvflktJtuSmaFgbtczdcWP0cw+dtzBGwhD7JOTPKzwxp4vwbrTDa9J2gA==
  dependencies:
    "@aws-cdk/aws-applicationautoscaling" "1.165.0"
    "@aws-cdk/aws-cloudwatch" "1.165.0"
    "@aws-cdk/aws-codeguruprofiler" "1.165.0"
    "@aws-cdk/aws-ec2" "1.165.0"
    "@aws-cdk/aws-ecr" "1.165.0"
    "@aws-cdk/aws-ecr-assets" "1.165.0"
    "@aws-cdk/aws-efs" "1.165.0"
    "@aws-cdk/aws-events" "1.165.0"
    "@aws-cdk/aws-iam" "1.165.0"
    "@aws-cdk/aws-kms" "1.165.0"
    "@aws-cdk/aws-logs" "1.165.0"
    "@aws-cdk/aws-s3" "1.165.0"
    "@aws-cdk/aws-s3-assets" "1.165.0"
    "@aws-cdk/aws-signer" "1.165.0"
    "@aws-cdk/aws-sns" "1.165.0"
    "@aws-cdk/aws-sqs" "1.165.0"
    "@aws-cdk/core" "1.165.0"
    "@aws-cdk/cx-api" "1.165.0"
    "@aws-cdk/region-info" "1.165.0"
    constructs "^3.3.69"

"@aws-cdk/aws-logs@1.165.0":
  version "1.165.0"
  resolved "https://registry.yarnpkg.com/@aws-cdk/aws-logs/-/aws-logs-1.165.0.tgz#47588cd1a6ea65c6db338078ec29a415a243e3a6"
  integrity sha512-s/CNCtayk30RjX+CKCls1fSvjuwh6KVYLhbPAhYflxmBjuUA7GD0m3WoSa7D7pZSbMGO9arPG+AYRWM76wtVQQ==
  dependencies:
    "@aws-cdk/aws-cloudwatch" "1.165.0"
    "@aws-cdk/aws-iam" "1.165.0"
    "@aws-cdk/aws-kms" "1.165.0"
    "@aws-cdk/aws-s3-assets" "1.165.0"
    "@aws-cdk/core" "1.165.0"
    "@aws-cdk/cx-api" "1.165.0"
    constructs "^3.3.69"

"@aws-cdk/aws-route53-targets@1.165.0":
  version "1.165.0"
  resolved "https://registry.yarnpkg.com/@aws-cdk/aws-route53-targets/-/aws-route53-targets-1.165.0.tgz#9499805820ff0ba53588c4d6a38656696453bd68"
  integrity sha512-oh5b/rouTKOmMmfBqUJo+TsicQ7ifznlLiVvxf/0LTF+ZP96lJbsHTVomHn2w+0YHsgKAdLXUBTxgailBYrq1A==
  dependencies:
    "@aws-cdk/aws-apigateway" "1.165.0"
    "@aws-cdk/aws-cloudfront" "1.165.0"
    "@aws-cdk/aws-cognito" "1.165.0"
    "@aws-cdk/aws-ec2" "1.165.0"
    "@aws-cdk/aws-elasticloadbalancing" "1.165.0"
    "@aws-cdk/aws-elasticloadbalancingv2" "1.165.0"
    "@aws-cdk/aws-globalaccelerator" "1.165.0"
    "@aws-cdk/aws-iam" "1.165.0"
    "@aws-cdk/aws-route53" "1.165.0"
    "@aws-cdk/aws-s3" "1.165.0"
    "@aws-cdk/core" "1.165.0"
    "@aws-cdk/region-info" "1.165.0"
    constructs "^3.3.69"

"@aws-cdk/aws-route53@1.165.0":
  version "1.165.0"
  resolved "https://registry.yarnpkg.com/@aws-cdk/aws-route53/-/aws-route53-1.165.0.tgz#a506ae90efec78630d6d617b90f22f37b12df172"
  integrity sha512-QwoKwko0MYAJNtf1hbQWxu3rvwnDAye2RvCMDdIqcRZqxlHaApFopnkai2zfIjaQN39QvCM9aB/MzQ+YiZ3fZQ==
  dependencies:
    "@aws-cdk/aws-ec2" "1.165.0"
    "@aws-cdk/aws-iam" "1.165.0"
    "@aws-cdk/aws-logs" "1.165.0"
    "@aws-cdk/cloud-assembly-schema" "1.165.0"
    "@aws-cdk/core" "1.165.0"
    "@aws-cdk/custom-resources" "1.165.0"
    constructs "^3.3.69"

"@aws-cdk/aws-s3-assets@1.165.0":
  version "1.165.0"
  resolved "https://registry.yarnpkg.com/@aws-cdk/aws-s3-assets/-/aws-s3-assets-1.165.0.tgz#2a74078576decbc93e4f95b3f9daff69d2e92968"
  integrity sha512-PgQmgneGcZkkdQGh2Srs7+PdTa6J1LJ4vfrjhjlsXAT3RdN1gPPP/Gj8DetDLByJmky5OzeP0rp5Ad0Gv2E1Aw==
  dependencies:
    "@aws-cdk/assets" "1.165.0"
    "@aws-cdk/aws-iam" "1.165.0"
    "@aws-cdk/aws-kms" "1.165.0"
    "@aws-cdk/aws-s3" "1.165.0"
    "@aws-cdk/core" "1.165.0"
    "@aws-cdk/cx-api" "1.165.0"
    constructs "^3.3.69"

"@aws-cdk/aws-s3-deployment@1.165.0":
  version "1.165.0"
  resolved "https://registry.yarnpkg.com/@aws-cdk/aws-s3-deployment/-/aws-s3-deployment-1.165.0.tgz#fe773234dd05fa828501dcf7e2690037c1adac3d"
  integrity sha512-IxPNUy5t2sY0y6IHKuiTrkZpqIdpk15Kgfx6b1B0sJusSx8OLXYiKoXtCNKsrT8XfeM3lV/ibEp2rwZAuRM/nQ==
  dependencies:
    "@aws-cdk/aws-cloudfront" "1.165.0"
    "@aws-cdk/aws-ec2" "1.165.0"
    "@aws-cdk/aws-efs" "1.165.0"
    "@aws-cdk/aws-iam" "1.165.0"
    "@aws-cdk/aws-lambda" "1.165.0"
    "@aws-cdk/aws-logs" "1.165.0"
    "@aws-cdk/aws-s3" "1.165.0"
    "@aws-cdk/aws-s3-assets" "1.165.0"
    "@aws-cdk/core" "1.165.0"
    "@aws-cdk/lambda-layer-awscli" "1.165.0"
    case "1.6.3"
    constructs "^3.3.69"

"@aws-cdk/aws-s3@1.165.0":
  version "1.165.0"
  resolved "https://registry.yarnpkg.com/@aws-cdk/aws-s3/-/aws-s3-1.165.0.tgz#249e80341d30b0b8551606c95c1d881178332b98"
  integrity sha512-tG+yYMfSEFJCnpG2f/gfwwkZZwbevT07fAjL2A6WvEj6Oey8OH9Wp//wB22B1vM1FryQ5BNve1cD+iHe4mzsoQ==
  dependencies:
    "@aws-cdk/aws-events" "1.165.0"
    "@aws-cdk/aws-iam" "1.165.0"
    "@aws-cdk/aws-kms" "1.165.0"
    "@aws-cdk/core" "1.165.0"
    "@aws-cdk/cx-api" "1.165.0"
    constructs "^3.3.69"

"@aws-cdk/aws-servicediscovery@1.165.0":
  version "1.165.0"
  resolved "https://registry.yarnpkg.com/@aws-cdk/aws-servicediscovery/-/aws-servicediscovery-1.165.0.tgz#3a455a5a76e29117a37685cf841e5bf00d0cab36"
  integrity sha512-4H4IdEc2cKFNJfl2DwoEKcHzziyfb6jLquyYFdp0yxCbNLb/2c2B3rDt4XWsERpb/4fJZRcTFMyA7ery/l1okg==
  dependencies:
    "@aws-cdk/aws-ec2" "1.165.0"
    "@aws-cdk/aws-elasticloadbalancingv2" "1.165.0"
    "@aws-cdk/aws-route53" "1.165.0"
    "@aws-cdk/core" "1.165.0"
    constructs "^3.3.69"

"@aws-cdk/aws-signer@1.165.0":
  version "1.165.0"
  resolved "https://registry.yarnpkg.com/@aws-cdk/aws-signer/-/aws-signer-1.165.0.tgz#e41eda0dba405b4565f4dc19baba0237256d8f24"
  integrity sha512-cO6t+ehpWPv2IlcC88EnyaVJYcLZLcLtscm36qwP0iKZgTiyKhM7eDyeZ0WfLNwl3b7UVxLQuM6rt4pUfGqn3w==
  dependencies:
    "@aws-cdk/core" "1.165.0"
    constructs "^3.3.69"

"@aws-cdk/aws-sns@1.165.0":
  version "1.165.0"
  resolved "https://registry.yarnpkg.com/@aws-cdk/aws-sns/-/aws-sns-1.165.0.tgz#c02e81b5541bb960e9e25366d16f32367207cd04"
  integrity sha512-yOd7cft/eEsEaSI4FS5jr30FBr9gBJYK7BJCRwJ/olZCFwxubHrdErr/+fMEaetErNMW8pBuo5kW+k4e6ST/6A==
  dependencies:
    "@aws-cdk/aws-cloudwatch" "1.165.0"
    "@aws-cdk/aws-codestarnotifications" "1.165.0"
    "@aws-cdk/aws-events" "1.165.0"
    "@aws-cdk/aws-iam" "1.165.0"
    "@aws-cdk/aws-kms" "1.165.0"
    "@aws-cdk/aws-sqs" "1.165.0"
    "@aws-cdk/core" "1.165.0"
    constructs "^3.3.69"

"@aws-cdk/aws-sqs@1.165.0":
  version "1.165.0"
  resolved "https://registry.yarnpkg.com/@aws-cdk/aws-sqs/-/aws-sqs-1.165.0.tgz#cb41a97e2f0357d5bb027eca13749601521d04e5"
  integrity sha512-otC/IotYZ3ifqbzzair0YKgjkOfCmKJj+6d+43ciUfNfsdMBOCVe8P2xZxB86AJNPkyI5NOyUqSP7swmcLBh7g==
  dependencies:
    "@aws-cdk/aws-cloudwatch" "1.165.0"
    "@aws-cdk/aws-iam" "1.165.0"
    "@aws-cdk/aws-kms" "1.165.0"
    "@aws-cdk/core" "1.165.0"
    constructs "^3.3.69"

"@aws-cdk/aws-ssm@1.165.0":
  version "1.165.0"
  resolved "https://registry.yarnpkg.com/@aws-cdk/aws-ssm/-/aws-ssm-1.165.0.tgz#7d5857a60ef6b8100febef94aa9534ebe8326a9e"
  integrity sha512-ZFIaeUmiZcS4gbZAjZNeYP0RKYNfbFpWqaUVfXC/921kkxp9rhPydyPrMoMhb2E8z7MIoV5EizFesBDkVkl8yA==
  dependencies:
    "@aws-cdk/aws-iam" "1.165.0"
    "@aws-cdk/aws-kms" "1.165.0"
    "@aws-cdk/cloud-assembly-schema" "1.165.0"
    "@aws-cdk/core" "1.165.0"
    constructs "^3.3.69"

"@aws-cdk/aws-stepfunctions@1.165.0":
  version "1.165.0"
  resolved "https://registry.yarnpkg.com/@aws-cdk/aws-stepfunctions/-/aws-stepfunctions-1.165.0.tgz#c022489a56747834ee26aa68171ea9d6665a21f3"
  integrity sha512-kqIp6686DQfmAnu48VXkBVeqgKG1deq3ULNv4eMxXQzEOzOHqTB40I0U66+tfLKpKIfx6CpXvugx2vnoFGGZVw==
  dependencies:
    "@aws-cdk/aws-cloudwatch" "1.165.0"
    "@aws-cdk/aws-events" "1.165.0"
    "@aws-cdk/aws-iam" "1.165.0"
    "@aws-cdk/aws-logs" "1.165.0"
    "@aws-cdk/aws-s3" "1.165.0"
    "@aws-cdk/core" "1.165.0"
    constructs "^3.3.69"

"@aws-cdk/cloud-assembly-schema@1.165.0":
  version "1.165.0"
  resolved "https://registry.yarnpkg.com/@aws-cdk/cloud-assembly-schema/-/cloud-assembly-schema-1.165.0.tgz#92a4f98232529c333d9ece5d9be418c886c0e140"
  integrity sha512-HW2UwchKWA7ja3bMD1qIYAT2VNaV36o+z4H2LYTtngGq87Cl+pSkNdR2lyzIiqa1dtqSEwGPffzOjsUwZf+6Fw==
  dependencies:
    jsonschema "^1.4.1"
    semver "^7.3.7"

"@aws-cdk/core@1.165.0":
  version "1.165.0"
  resolved "https://registry.yarnpkg.com/@aws-cdk/core/-/core-1.165.0.tgz#24fed27e9935e0de8ec5b6529b411b3efe978db4"
  integrity sha512-Ej2uXLdyl06ICuVSzFDfYhn6hrlNaVfdDioZf04sHjl/ToEyMhePEEE6QyjQJxX1ZRcJT7a/ndHH3rr61wxY2w==
  dependencies:
    "@aws-cdk/cloud-assembly-schema" "1.165.0"
    "@aws-cdk/cx-api" "1.165.0"
    "@aws-cdk/region-info" "1.165.0"
    "@balena/dockerignore" "^1.0.2"
    constructs "^3.3.69"
    fs-extra "^9.1.0"
    ignore "^5.2.0"
    minimatch "^3.1.2"

"@aws-cdk/custom-resources@1.165.0":
  version "1.165.0"
  resolved "https://registry.yarnpkg.com/@aws-cdk/custom-resources/-/custom-resources-1.165.0.tgz#7d1244a3ea526e94add86efd20207e89addd69f4"
  integrity sha512-MIbnxrISH9ofeeAuU5SSfEw/f3XN6+HzCBe8MRT1Lve4HqqeK9D80nH9chiVuoO5tMcvbljbj/hw1imJQxXjbA==
  dependencies:
    "@aws-cdk/aws-cloudformation" "1.165.0"
    "@aws-cdk/aws-ec2" "1.165.0"
    "@aws-cdk/aws-iam" "1.165.0"
    "@aws-cdk/aws-lambda" "1.165.0"
    "@aws-cdk/aws-logs" "1.165.0"
    "@aws-cdk/aws-sns" "1.165.0"
    "@aws-cdk/core" "1.165.0"
    constructs "^3.3.69"

"@aws-cdk/cx-api@1.165.0":
  version "1.165.0"
  resolved "https://registry.yarnpkg.com/@aws-cdk/cx-api/-/cx-api-1.165.0.tgz#2facca33897c445857e5f7ded997c688f9029978"
  integrity sha512-HR4BVSsb1M1GqhyXdTXmIg6P9q60G+SGYR4b43ZCpMjJeuLHNIajwFyt2zsEJvki/cU9jYNGyMEh6wp4nl44ZQ==
  dependencies:
    "@aws-cdk/cloud-assembly-schema" "1.165.0"
    semver "^7.3.7"

"@aws-cdk/lambda-layer-awscli@1.165.0":
  version "1.165.0"
  resolved "https://registry.yarnpkg.com/@aws-cdk/lambda-layer-awscli/-/lambda-layer-awscli-1.165.0.tgz#d5600b2b36ea657648b63c363711453abd588af8"
  integrity sha512-tOra6BD5byg2scngQp6UlmHixUQfZtMejeEy39N+6kWwsrZrpGiVDEAA/AsC6nt5KMCjohFe1FjZ5aap1tskMA==
  dependencies:
    "@aws-cdk/aws-lambda" "1.165.0"
    "@aws-cdk/core" "1.165.0"
    constructs "^3.3.69"

"@aws-cdk/region-info@1.165.0":
  version "1.165.0"
  resolved "https://registry.yarnpkg.com/@aws-cdk/region-info/-/region-info-1.165.0.tgz#4073f7c8769705a30e47ab21dbed58487a7c37a8"
  integrity sha512-z/d3V+4oXY8vzi5JMYJuJGM/b4QB6DtCSPfJOGtHkhpoKD6PTA6oO4LHdCiHXHO1VibRY4XNLxoSX5UhraSMpg==

"@balena/dockerignore@^1.0.2":
  version "1.0.2"
  resolved "https://registry.yarnpkg.com/@balena/dockerignore/-/dockerignore-1.0.2.tgz#9ffe4726915251e8eb69f44ef3547e0da2c03e0d"
  integrity sha512-wMue2Sy4GAVTk6Ic4tJVcnfdau+gx2EnG7S+uAEe+TWJFqE4YoWN4/H8MSLj4eYJKxGg26lZwboEniNiNwZQ6Q==

"@rollup/pluginutils@^4.2.1":
  version "4.2.1"
  resolved "https://registry.yarnpkg.com/@rollup/pluginutils/-/pluginutils-4.2.1.tgz#e6c6c3aba0744edce3fb2074922d3776c0af2a6d"
  integrity sha512-iKnFXr7NkdZAIHiIWE+BX5ULi/ucVFYWD6TbAV+rZctiRTY2PL6tsIKhoIOaoskiWAkgu+VsbXgUVDNLHf+InQ==
  dependencies:
    estree-walker "^2.0.1"
    picomatch "^2.2.2"

"@sveltejs/kit@1.0.0-next.396":
  version "1.0.0-next.396"
  resolved "https://registry.yarnpkg.com/@sveltejs/kit/-/kit-1.0.0-next.396.tgz#f87f27bfbff9add1dc869885f4e9b6497058280b"
  integrity sha512-bKFpuzp9QxPkOIOEIeNeedvxEMORNqBPxUmoJXDP/Se7MrSfcxYiamjBcKrG+bgGNWmV39nD3EvUox+CXno/Ig==
  dependencies:
    "@sveltejs/vite-plugin-svelte" "^1.0.1"
    chokidar "^3.5.3"
    sade "^1.8.1"

"@sveltejs/vite-plugin-svelte@^1.0.1":
  version "1.0.1"
  resolved "https://registry.yarnpkg.com/@sveltejs/vite-plugin-svelte/-/vite-plugin-svelte-1.0.1.tgz#7f468f03c933fcdfc60d4773671c73f33b9ef4d6"
  integrity sha512-PorCgUounn0VXcpeJu+hOweZODKmGuLHsLomwqSj+p26IwjjGffmYQfVHtiTWq+NqaUuuHWWG7vPge6UFw4Aeg==
  dependencies:
    "@rollup/pluginutils" "^4.2.1"
    debug "^4.3.4"
    deepmerge "^4.2.2"
    kleur "^4.1.5"
    magic-string "^0.26.2"
    svelte-hmr "^0.14.12"

"@types/fs-extra@9.0.13":
  version "9.0.13"
  resolved "https://registry.yarnpkg.com/@types/fs-extra/-/fs-extra-9.0.13.tgz#7594fbae04fe7f1918ce8b3d213f74ff44ac1f45"
  integrity sha512-nEnwB++1u5lVDM2UI4c1+5R+FYaKfaAzS4OococimjVm3nQw3TuzH5UNsocrcTBbhnerblyHj4A49qXbIiZdpA==
  dependencies:
    "@types/node" "*"

"@types/node-fetch@2.6.2":
  version "2.6.2"
  resolved "https://registry.yarnpkg.com/@types/node-fetch/-/node-fetch-2.6.2.tgz#d1a9c5fd049d9415dce61571557104dec3ec81da"
  integrity sha512-DHqhlq5jeESLy19TYhLakJ07kNumXWjcDdxXsLUMJZ6ue8VZJj4kLPQVE/2mdHh3xZziNF1xppu5lwmS53HR+A==
  dependencies:
    "@types/node" "*"
    form-data "^3.0.0"

"@types/node@*", "@types/node@18.6.2":
  version "18.6.2"
  resolved "https://registry.yarnpkg.com/@types/node/-/node-18.6.2.tgz#ffc5f0f099d27887c8d9067b54e55090fcd54126"
  integrity sha512-KcfkBq9H4PI6Vpu5B/KoPeuVDAbmi+2mDBqGPGUgoL7yXQtcWGu2vJWmmRkneWK3Rh0nIAX192Aa87AqKHYChQ==

anymatch@~3.1.2:
  version "3.1.2"
  resolved "https://registry.yarnpkg.com/anymatch/-/anymatch-3.1.2.tgz#c0557c096af32f106198f4f4e2a383537e378716"
  integrity sha512-P43ePfOAIupkguHUycrc4qJ9kz8ZiuOUijaETwX7THt0Y/GNK7v0aa8rY816xWjZ7rJdA5XdMcpVFTKMq+RvWg==
  dependencies:
    normalize-path "^3.0.0"
    picomatch "^2.0.4"

asynckit@^0.4.0:
  version "0.4.0"
  resolved "https://registry.yarnpkg.com/asynckit/-/asynckit-0.4.0.tgz#c79ed97f7f34cb8f2ba1bc9790bcc366474b4b79"
  integrity sha512-Oei9OH4tRh0YqU3GxhX79dM/mwVgvbZJaSNaRk+bshkj0S5cfHcgYakreBjrHwatXKbz+IoIdYLxrKim2MjW0Q==

at-least-node@^1.0.0:
  version "1.0.0"
  resolved "https://registry.yarnpkg.com/at-least-node/-/at-least-node-1.0.0.tgz#602cd4b46e844ad4effc92a8011a3c46e0238dc2"
  integrity sha512-+q/t7Ekv1EDY2l6Gda6LLiX14rU9TV20Wa3ofeQmwPFZbOMo9DXrLbOjFaaclkXKWidIaopwAObQDqwWtGUjqg==

aws-cdk@2.33.0:
  version "2.33.0"
  resolved "https://registry.yarnpkg.com/aws-cdk/-/aws-cdk-2.33.0.tgz#be867e5e49a5b84c5839f408ea4c26adef015298"
  integrity sha512-pwqqXzdkyBraKARdyZ6OqMIbEHlnM0x5LJ08zFYQGcrC+jk/e3Y3XWGJrapC6sAKNwQNF78dcJbTSNBjjLXMdQ==
  optionalDependencies:
    fsevents "2.3.2"

balanced-match@^1.0.0:
  version "1.0.2"
  resolved "https://registry.yarnpkg.com/balanced-match/-/balanced-match-1.0.2.tgz#e83e3a7e3f300b34cb9d87f615fa0cbf357690ee"
  integrity sha512-3oSeUO0TMV67hN1AmbXsK4yaqU7tjiHlbxRDZOpH0KW9+CeX4bRAaX0Anxt0tx2MrpRpWwQaPwIlISEJhYU5Pw==

binary-extensions@^2.0.0:
  version "2.2.0"
  resolved "https://registry.yarnpkg.com/binary-extensions/-/binary-extensions-2.2.0.tgz#75f502eeaf9ffde42fc98829645be4ea76bd9e2d"
  integrity sha512-jDctJ/IVQbZoJykoeHbhXpOlNBqGNcwXJKJog42E5HDPUwQTSdjCHdihjj0DlnheQ7blbT6dHOafNAiS8ooQKA==

brace-expansion@^1.1.7:
  version "1.1.11"
  resolved "https://registry.yarnpkg.com/brace-expansion/-/brace-expansion-1.1.11.tgz#3c7fcbf529d87226f3d2f52b966ff5271eb441dd"
  integrity sha512-iCuPHDFgrHX7H2vEI/5xpz07zSHB00TpugqhmYtVmMO6518mCuRMoOYFldEBl0g187ufozdaHgWKcYFb61qGiA==
  dependencies:
    balanced-match "^1.0.0"
    concat-map "0.0.1"

braces@~3.0.2:
  version "3.0.2"
  resolved "https://registry.yarnpkg.com/braces/-/braces-3.0.2.tgz#3454e1a462ee8d599e236df336cd9ea4f8afe107"
  integrity sha512-b8um+L1RzM3WDSzvhm6gIz1yfTbBt6YTlcEKAvsmqCZZFw46z626lVj9j1yEPW33H5H+lBQpZMP1k8l+78Ha0A==
  dependencies:
    fill-range "^7.0.1"

case@1.6.3:
  version "1.6.3"
  resolved "https://registry.yarnpkg.com/case/-/case-1.6.3.tgz#0a4386e3e9825351ca2e6216c60467ff5f1ea1c9"
  integrity sha512-mzDSXIPaFwVDvZAHqZ9VlbyF4yyXRuX6IvB06WvPYkqJVO24kX1PPhv9bfpKNFZyxYFmmgo03HUiD8iklmJYRQ==

chokidar@^3.5.3:
  version "3.5.3"
  resolved "https://registry.yarnpkg.com/chokidar/-/chokidar-3.5.3.tgz#1cf37c8707b932bd1af1ae22c0432e2acd1903bd"
  integrity sha512-Dr3sfKRP6oTcjf2JmUmFJfeVMvXBdegxB0iVQ5eb2V10uFJUCAS8OByZdVAyVb8xXNz3GjjTgj9kLWsZTqE6kw==
  dependencies:
    anymatch "~3.1.2"
    braces "~3.0.2"
    glob-parent "~5.1.2"
    is-binary-path "~2.1.0"
    is-glob "~4.0.1"
    normalize-path "~3.0.0"
    readdirp "~3.6.0"
  optionalDependencies:
    fsevents "~2.3.2"

combined-stream@^1.0.8:
  version "1.0.8"
  resolved "https://registry.yarnpkg.com/combined-stream/-/combined-stream-1.0.8.tgz#c3d45a8b34fd730631a110a8a2520682b31d5a7f"
  integrity sha512-FQN4MRfuJeHf7cBbBMJFXhKSDq+2kAArBlmRBvcvFE5BB1HZKXtSFASDhdlz9zOYwxh8lDdnvmMOe/+5cdoEdg==
  dependencies:
    delayed-stream "~1.0.0"

concat-map@0.0.1:
  version "0.0.1"
  resolved "https://registry.yarnpkg.com/concat-map/-/concat-map-0.0.1.tgz#d8a96bd77fd68df7793a73036a3ba0d5405d477b"
  integrity sha512-/Srv4dswyQNBfohGpz9o6Yb3Gz3SrUDqBH5rTuhGR7ahtlbYKnVxw2bCFMRljaA7EXHaXZ8wsHdodFvbkhKmqg==

constructs@^3.3.69:
  version "3.4.52"
  resolved "https://registry.yarnpkg.com/constructs/-/constructs-3.4.52.tgz#bc3156d0e3ce714c2fff7856de0ed7ee92aad947"
  integrity sha512-XKxekqKrMPWWPIhxk4pjjnp0nl9ykH7No+e1y4pBHEYEcmckmzlXZjexPXvdCB2XHHNBpMyIimgqlkbiK2bacg==

debug@^4.3.4:
  version "4.3.4"
  resolved "https://registry.yarnpkg.com/debug/-/debug-4.3.4.tgz#1319f6579357f2338d3337d2cdd4914bb5dcc865"
  integrity sha512-PRWFHuSU3eDtQJPvnNY7Jcket1j0t5OuOsFzPPzsekD52Zl8qUfFIPEiswXqIvHWGVHOgX+7G/vCNNhehwxfkQ==
  dependencies:
    ms "2.1.2"

deepmerge@^4.2.2:
  version "4.2.2"
  resolved "https://registry.yarnpkg.com/deepmerge/-/deepmerge-4.2.2.tgz#44d2ea3679b8f4d4ffba33f03d865fc1e7bf4955"
  integrity sha512-FJ3UgI4gIl+PHZm53knsuSFpE+nESMr7M4v9QcgB7S63Kj/6WqMiFQJpBBYz1Pt+66bZpP3Q7Lye0Oo9MPKEdg==

delayed-stream@~1.0.0:
  version "1.0.0"
  resolved "https://registry.yarnpkg.com/delayed-stream/-/delayed-stream-1.0.0.tgz#df3ae199acadfb7d440aaae0b29e2272b24ec619"
  integrity sha512-ZySD7Nf91aLB0RxL4KGrKHBXl7Eds1DAmEdcoVawXnLD7SDhpNgtuII2aAkg7a7QS41jxPSZ17p4VdGnMHk3MQ==

esbuild-android-64@0.14.51:
  version "0.14.51"
  resolved "https://registry.yarnpkg.com/esbuild-android-64/-/esbuild-android-64-0.14.51.tgz#414a087cb0de8db1e347ecca6c8320513de433db"
  integrity sha512-6FOuKTHnC86dtrKDmdSj2CkcKF8PnqkaIXqvgydqfJmqBazCPdw+relrMlhGjkvVdiiGV70rpdnyFmA65ekBCQ==

esbuild-android-arm64@0.14.51:
  version "0.14.51"
  resolved "https://registry.yarnpkg.com/esbuild-android-arm64/-/esbuild-android-arm64-0.14.51.tgz#55de3bce2aab72bcd2b606da4318ad00fb9c8151"
  integrity sha512-vBtp//5VVkZWmYYvHsqBRCMMi1MzKuMIn5XDScmnykMTu9+TD9v0NMEDqQxvtFToeYmojdo5UCV2vzMQWJcJ4A==

esbuild-darwin-64@0.14.51:
  version "0.14.51"
  resolved "https://registry.yarnpkg.com/esbuild-darwin-64/-/esbuild-darwin-64-0.14.51.tgz#4259f23ed6b4cea2ec8a28d87b7fb9801f093754"
  integrity sha512-YFmXPIOvuagDcwCejMRtCDjgPfnDu+bNeh5FU2Ryi68ADDVlWEpbtpAbrtf/lvFTWPexbgyKgzppNgsmLPr8PA==

esbuild-darwin-arm64@0.14.51:
  version "0.14.51"
  resolved "https://registry.yarnpkg.com/esbuild-darwin-arm64/-/esbuild-darwin-arm64-0.14.51.tgz#d77b4366a71d84e530ba019d540b538b295d494a"
  integrity sha512-juYD0QnSKwAMfzwKdIF6YbueXzS6N7y4GXPDeDkApz/1RzlT42mvX9jgNmyOlWKN7YzQAYbcUEJmZJYQGdf2ow==

esbuild-freebsd-64@0.14.51:
  version "0.14.51"
  resolved "https://registry.yarnpkg.com/esbuild-freebsd-64/-/esbuild-freebsd-64-0.14.51.tgz#27b6587b3639f10519c65e07219d249b01f2ad38"
  integrity sha512-cLEI/aXjb6vo5O2Y8rvVSQ7smgLldwYY5xMxqh/dQGfWO+R1NJOFsiax3IS4Ng300SVp7Gz3czxT6d6qf2cw0g==

esbuild-freebsd-arm64@0.14.51:
  version "0.14.51"
  resolved "https://registry.yarnpkg.com/esbuild-freebsd-arm64/-/esbuild-freebsd-arm64-0.14.51.tgz#63c435917e566808c71fafddc600aca4d78be1ec"
  integrity sha512-TcWVw/rCL2F+jUgRkgLa3qltd5gzKjIMGhkVybkjk6PJadYInPtgtUBp1/hG+mxyigaT7ib+od1Xb84b+L+1Mg==

esbuild-linux-32@0.14.51:
  version "0.14.51"
  resolved "https://registry.yarnpkg.com/esbuild-linux-32/-/esbuild-linux-32-0.14.51.tgz#c3da774143a37e7f11559b9369d98f11f997a5d9"
  integrity sha512-RFqpyC5ChyWrjx8Xj2K0EC1aN0A37H6OJfmUXIASEqJoHcntuV3j2Efr9RNmUhMfNE6yEj2VpYuDteZLGDMr0w==

esbuild-linux-64@0.14.51:
  version "0.14.51"
  resolved "https://registry.yarnpkg.com/esbuild-linux-64/-/esbuild-linux-64-0.14.51.tgz#5d92b67f674e02ae0b4a9de9a757ba482115c4ae"
  integrity sha512-dxjhrqo5i7Rq6DXwz5v+MEHVs9VNFItJmHBe1CxROWNf4miOGoQhqSG8StStbDkQ1Mtobg6ng+4fwByOhoQoeA==

esbuild-linux-arm64@0.14.51:
  version "0.14.51"
  resolved "https://registry.yarnpkg.com/esbuild-linux-arm64/-/esbuild-linux-arm64-0.14.51.tgz#dac84740516e859d8b14e1ecc478dd5241b10c93"
  integrity sha512-D9rFxGutoqQX3xJPxqd6o+kvYKeIbM0ifW2y0bgKk5HPgQQOo2k9/2Vpto3ybGYaFPCE5qTGtqQta9PoP6ZEzw==

esbuild-linux-arm@0.14.51:
  version "0.14.51"
  resolved "https://registry.yarnpkg.com/esbuild-linux-arm/-/esbuild-linux-arm-0.14.51.tgz#b3ae7000696cd53ed95b2b458554ff543a60e106"
  integrity sha512-LsJynDxYF6Neg7ZC7748yweCDD+N8ByCv22/7IAZglIEniEkqdF4HCaa49JNDLw1UQGlYuhOB8ZT/MmcSWzcWg==

esbuild-linux-mips64le@0.14.51:
  version "0.14.51"
  resolved "https://registry.yarnpkg.com/esbuild-linux-mips64le/-/esbuild-linux-mips64le-0.14.51.tgz#dad10770fac94efa092b5a0643821c955a9dd385"
  integrity sha512-vS54wQjy4IinLSlb5EIlLoln8buh1yDgliP4CuEHumrPk4PvvP4kTRIG4SzMXm6t19N0rIfT4bNdAxzJLg2k6A==

esbuild-linux-ppc64le@0.14.51:
  version "0.14.51"
  resolved "https://registry.yarnpkg.com/esbuild-linux-ppc64le/-/esbuild-linux-ppc64le-0.14.51.tgz#b68c2f8294d012a16a88073d67e976edd4850ae0"
  integrity sha512-xcdd62Y3VfGoyphNP/aIV9LP+RzFw5M5Z7ja+zdpQHHvokJM7d0rlDRMN+iSSwvUymQkqZO+G/xjb4/75du8BQ==

esbuild-linux-riscv64@0.14.51:
  version "0.14.51"
  resolved "https://registry.yarnpkg.com/esbuild-linux-riscv64/-/esbuild-linux-riscv64-0.14.51.tgz#608a318b8697123e44c1e185cdf6708e3df50b93"
  integrity sha512-syXHGak9wkAnFz0gMmRBoy44JV0rp4kVCEA36P5MCeZcxFq8+fllBC2t6sKI23w3qd8Vwo9pTADCgjTSf3L3rA==

esbuild-linux-s390x@0.14.51:
  version "0.14.51"
  resolved "https://registry.yarnpkg.com/esbuild-linux-s390x/-/esbuild-linux-s390x-0.14.51.tgz#c9e7791170a3295dba79b93aa452beb9838a8625"
  integrity sha512-kFAJY3dv+Wq8o28K/C7xkZk/X34rgTwhknSsElIqoEo8armCOjMJ6NsMxm48KaWY2h2RUYGtQmr+RGuUPKBhyw==

esbuild-netbsd-64@0.14.51:
  version "0.14.51"
  resolved "https://registry.yarnpkg.com/esbuild-netbsd-64/-/esbuild-netbsd-64-0.14.51.tgz#0abd40b8c2e37fda6f5cc41a04cb2b690823d891"
  integrity sha512-ZZBI7qrR1FevdPBVHz/1GSk1x5GDL/iy42Zy8+neEm/HA7ma+hH/bwPEjeHXKWUDvM36CZpSL/fn1/y9/Hb+1A==

esbuild-openbsd-64@0.14.51:
  version "0.14.51"
  resolved "https://registry.yarnpkg.com/esbuild-openbsd-64/-/esbuild-openbsd-64-0.14.51.tgz#4adba0b7ea7eb1428bb00d8e94c199a949b130e8"
  integrity sha512-7R1/p39M+LSVQVgDVlcY1KKm6kFKjERSX1lipMG51NPcspJD1tmiZSmmBXoY5jhHIu6JL1QkFDTx94gMYK6vfA==

esbuild-sunos-64@0.14.51:
  version "0.14.51"
  resolved "https://registry.yarnpkg.com/esbuild-sunos-64/-/esbuild-sunos-64-0.14.51.tgz#4b8a6d97dfedda30a6e39607393c5c90ebf63891"
  integrity sha512-HoHaCswHxLEYN8eBTtyO0bFEWvA3Kdb++hSQ/lLG7TyKF69TeSG0RNoBRAs45x/oCeWaTDntEZlYwAfQlhEtJA==

esbuild-windows-32@0.14.51:
  version "0.14.51"
  resolved "https://registry.yarnpkg.com/esbuild-windows-32/-/esbuild-windows-32-0.14.51.tgz#d31d8ca0c1d314fb1edea163685a423b62e9ac17"
  integrity sha512-4rtwSAM35A07CBt1/X8RWieDj3ZUHQqUOaEo5ZBs69rt5WAFjP4aqCIobdqOy4FdhYw1yF8Z0xFBTyc9lgPtEg==

esbuild-windows-64@0.14.51:
  version "0.14.51"
  resolved "https://registry.yarnpkg.com/esbuild-windows-64/-/esbuild-windows-64-0.14.51.tgz#7d3c09c8652d222925625637bdc7e6c223e0085d"
  integrity sha512-HoN/5HGRXJpWODprGCgKbdMvrC3A2gqvzewu2eECRw2sYxOUoh2TV1tS+G7bHNapPGI79woQJGV6pFH7GH7qnA==

esbuild-windows-arm64@0.14.51:
  version "0.14.51"
  resolved "https://registry.yarnpkg.com/esbuild-windows-arm64/-/esbuild-windows-arm64-0.14.51.tgz#0220d2304bfdc11bc27e19b2aaf56edf183e4ae9"
  integrity sha512-JQDqPjuOH7o+BsKMSddMfmVJXrnYZxXDHsoLHc0xgmAZkOOCflRmC43q31pk79F9xuyWY45jDBPolb5ZgGOf9g==

esbuild@0.14.51:
  version "0.14.51"
  resolved "https://registry.yarnpkg.com/esbuild/-/esbuild-0.14.51.tgz#1c8ecbc8db3710da03776211dc3ee3448f7aa51e"
  integrity sha512-+CvnDitD7Q5sT7F+FM65sWkF8wJRf+j9fPcprxYV4j+ohmzVj2W7caUqH2s5kCaCJAfcAICjSlKhDCcvDpU7nw==
  optionalDependencies:
    esbuild-android-64 "0.14.51"
    esbuild-android-arm64 "0.14.51"
    esbuild-darwin-64 "0.14.51"
    esbuild-darwin-arm64 "0.14.51"
    esbuild-freebsd-64 "0.14.51"
    esbuild-freebsd-arm64 "0.14.51"
    esbuild-linux-32 "0.14.51"
    esbuild-linux-64 "0.14.51"
    esbuild-linux-arm "0.14.51"
    esbuild-linux-arm64 "0.14.51"
    esbuild-linux-mips64le "0.14.51"
    esbuild-linux-ppc64le "0.14.51"
    esbuild-linux-riscv64 "0.14.51"
    esbuild-linux-s390x "0.14.51"
    esbuild-netbsd-64 "0.14.51"
    esbuild-openbsd-64 "0.14.51"
    esbuild-sunos-64 "0.14.51"
    esbuild-windows-32 "0.14.51"
    esbuild-windows-64 "0.14.51"
    esbuild-windows-arm64 "0.14.51"

estree-walker@^2.0.1:
  version "2.0.2"
  resolved "https://registry.yarnpkg.com/estree-walker/-/estree-walker-2.0.2.tgz#52f010178c2a4c117a7757cfe942adb7d2da4cac"
  integrity sha512-Rfkk/Mp/DL7JVje3u18FxFujQlTNR2q6QfMSMB7AvCBx91NGj/ba3kCfza0f6dVDbw7YlRf/nDrn7pQrCCyQ/w==

fill-range@^7.0.1:
  version "7.0.1"
  resolved "https://registry.yarnpkg.com/fill-range/-/fill-range-7.0.1.tgz#1919a6a7c75fe38b2c7c77e5198535da9acdda40"
  integrity sha512-qOo9F+dMUmC2Lcb4BbVvnKJxTPjCm+RRpe4gDuGrzkL7mEVl/djYSu2OdQ2Pa302N4oqkSg9ir6jaLWJ2USVpQ==
  dependencies:
    to-regex-range "^5.0.1"

form-data@^3.0.0:
  version "3.0.1"
  resolved "https://registry.yarnpkg.com/form-data/-/form-data-3.0.1.tgz#ebd53791b78356a99af9a300d4282c4d5eb9755f"
  integrity sha512-RHkBKtLWUVwd7SqRIvCZMEvAMoGUp0XU+seQiZejj0COz3RI3hWP4sCv3gZWWLjJTd7rGwcsF5eKZGii0r/hbg==
  dependencies:
    asynckit "^0.4.0"
    combined-stream "^1.0.8"
    mime-types "^2.1.12"

fs-extra@10.1.0:
  version "10.1.0"
  resolved "https://registry.yarnpkg.com/fs-extra/-/fs-extra-10.1.0.tgz#02873cfbc4084dde127eaa5f9905eef2325d1abf"
  integrity sha512-oRXApq54ETRj4eMiFzGnHWGy+zo5raudjuxN0b8H7s/RU2oW0Wvsx9O0ACRN/kRq9E8Vu/ReskGB5o3ji+FzHQ==
  dependencies:
    graceful-fs "^4.2.0"
    jsonfile "^6.0.1"
    universalify "^2.0.0"

fs-extra@^9.1.0:
  version "9.1.0"
  resolved "https://registry.yarnpkg.com/fs-extra/-/fs-extra-9.1.0.tgz#5954460c764a8da2094ba3554bf839e6b9a7c86d"
  integrity sha512-hcg3ZmepS30/7BSFqRvoo3DOMQu7IjqxO5nCDt+zM9XWjb33Wg7ziNT+Qvqbuc3+gWpzO02JubVyk2G4Zvo1OQ==
  dependencies:
    at-least-node "^1.0.0"
    graceful-fs "^4.2.0"
    jsonfile "^6.0.1"
    universalify "^2.0.0"

fsevents@2.3.2, fsevents@~2.3.2:
  version "2.3.2"
  resolved "https://registry.yarnpkg.com/fsevents/-/fsevents-2.3.2.tgz#8a526f78b8fdf4623b709e0b975c52c24c02fd1a"
  integrity sha512-xiqMQR4xAeHTuB9uWm+fFRcIOgKBMiOBP+eXiyT7jsgVCq1bkVygt00oASowB7EdtpOHaaPgKt812P9ab+DDKA==

glob-parent@~5.1.2:
  version "5.1.2"
  resolved "https://registry.yarnpkg.com/glob-parent/-/glob-parent-5.1.2.tgz#869832c58034fe68a4093c17dc15e8340d8401c4"
  integrity sha512-AOIgSQCepiJYwP3ARnGx+5VnTu2HBYdzbGP45eLw1vr3zB3vZLeyed1sC9hnbcOc9/SrMyM5RPQrkGz4aS9Zow==
  dependencies:
    is-glob "^4.0.1"

graceful-fs@^4.1.6, graceful-fs@^4.2.0:
  version "4.2.10"
  resolved "https://registry.yarnpkg.com/graceful-fs/-/graceful-fs-4.2.10.tgz#147d3a006da4ca3ce14728c7aefc287c367d7a6c"
  integrity sha512-9ByhssR2fPVsNZj478qUUbKfmL0+t5BDVyjShtyZZLiK7ZDAArFFfopyOTj0M05wE2tJPisA4iTnnXl2YoPvOA==

ignore@^5.2.0:
  version "5.2.0"
  resolved "https://registry.yarnpkg.com/ignore/-/ignore-5.2.0.tgz#6d3bac8fa7fe0d45d9f9be7bac2fc279577e345a"
  integrity sha512-CmxgYGiEPCLhfLnpPp1MoRmifwEIOgjcHXxOBjv7mY96c+eWScsOP9c112ZyLdWHi0FxHjI+4uVhKYp/gcdRmQ==

is-binary-path@~2.1.0:
  version "2.1.0"
  resolved "https://registry.yarnpkg.com/is-binary-path/-/is-binary-path-2.1.0.tgz#ea1f7f3b80f064236e83470f86c09c254fb45b09"
  integrity sha512-ZMERYes6pDydyuGidse7OsHxtbI7WVeUEozgR/g7rd0xUimYNlvZRE/K2MgZTjWy725IfelLeVcEM97mmtRGXw==
  dependencies:
    binary-extensions "^2.0.0"

is-extglob@^2.1.1:
  version "2.1.1"
  resolved "https://registry.yarnpkg.com/is-extglob/-/is-extglob-2.1.1.tgz#a88c02535791f02ed37c76a1b9ea9773c833f8c2"
  integrity sha512-SbKbANkN603Vi4jEZv49LeVJMn4yGwsbzZworEoyEiutsN3nJYdbO36zfhGJ6QEDpOZIFkDtnq5JRxmvl3jsoQ==

is-glob@^4.0.1, is-glob@~4.0.1:
  version "4.0.3"
  resolved "https://registry.yarnpkg.com/is-glob/-/is-glob-4.0.3.tgz#64f61e42cbbb2eec2071a9dac0b28ba1e65d5084"
  integrity sha512-xelSayHH36ZgE7ZWhli7pW34hNbNl8Ojv5KVmkJD4hBdD3th8Tfk9vYasLM+mXWOZhFkgZfxhLSnrwRr4elSSg==
  dependencies:
    is-extglob "^2.1.1"

is-number@^7.0.0:
  version "7.0.0"
  resolved "https://registry.yarnpkg.com/is-number/-/is-number-7.0.0.tgz#7535345b896734d5f80c4d06c50955527a14f12b"
  integrity sha512-41Cifkg6e8TylSpdtTpeLVMqvSBEVzTttHvERD741+pnZ8ANv0004MRL43QKPDlK9cGvNp6NZWZUBlbGXYxxng==

jsonfile@^6.0.1:
  version "6.1.0"
  resolved "https://registry.yarnpkg.com/jsonfile/-/jsonfile-6.1.0.tgz#bc55b2634793c679ec6403094eb13698a6ec0aae"
  integrity sha512-5dgndWOriYSm5cnYaJNhalLNDKOqFwyDB/rr1E9ZsGciGvKPs8R2xYGCacuf3z6K1YKDz182fd+fY3cn3pMqXQ==
  dependencies:
    universalify "^2.0.0"
  optionalDependencies:
    graceful-fs "^4.1.6"

jsonschema@^1.4.1:
  version "1.4.1"
  resolved "https://registry.yarnpkg.com/jsonschema/-/jsonschema-1.4.1.tgz#cc4c3f0077fb4542982973d8a083b6b34f482dab"
  integrity sha512-S6cATIPVv1z0IlxdN+zUk5EPjkGCdnhN4wVSBlvoUO1tOLJootbo9CquNJmbIh4yikWHiUedhRYrNPn1arpEmQ==

kleur@^4.1.5:
  version "4.1.5"
  resolved "https://registry.yarnpkg.com/kleur/-/kleur-4.1.5.tgz#95106101795f7050c6c650f350c683febddb1780"
  integrity sha512-o+NO+8WrRiQEE4/7nwRJhN1HWpVmJm511pBHUxPLtp0BUISzlBplORYSmTclCnJvQq2tKu/sgl3xVpkc7ZWuQQ==

lru-cache@^6.0.0:
  version "6.0.0"
  resolved "https://registry.yarnpkg.com/lru-cache/-/lru-cache-6.0.0.tgz#6d6fe6570ebd96aaf90fcad1dafa3b2566db3a94"
  integrity sha512-Jo6dJ04CmSjuznwJSS3pUeWmd/H0ffTlkXXgwZi+eq1UCmqQwCh+eLsYOYCwY991i2Fah4h1BEMCx4qThGbsiA==
  dependencies:
    yallist "^4.0.0"

magic-string@^0.26.2:
  version "0.26.2"
  resolved "https://registry.yarnpkg.com/magic-string/-/magic-string-0.26.2.tgz#5331700e4158cd6befda738bb6b0c7b93c0d4432"
  integrity sha512-NzzlXpclt5zAbmo6h6jNc8zl2gNRGHvmsZW4IvZhTC4W7k4OlLP+S5YLussa/r3ixNT66KOQfNORlXHSOy/X4A==
  dependencies:
    sourcemap-codec "^1.4.8"

mime-db@1.52.0:
  version "1.52.0"
  resolved "https://registry.yarnpkg.com/mime-db/-/mime-db-1.52.0.tgz#bbabcdc02859f4987301c856e3387ce5ec43bf70"
  integrity sha512-sPU4uV7dYlvtWJxwwxHD0PuihVNiE7TyAbQ5SWxDCB9mUYvOgroQOwYQQOKPJ8CIbE+1ETVlOoK1UC2nU3gYvg==

mime-types@^2.1.12:
  version "2.1.35"
  resolved "https://registry.yarnpkg.com/mime-types/-/mime-types-2.1.35.tgz#381a871b62a734450660ae3deee44813f70d959a"
  integrity sha512-ZDY+bPm5zTTF+YpCrAU9nK0UgICYPT0QtT1NZWFv4s++TNkcgVaT0g6+4R2uI4MjQjzysHB1zxuWL50hzaeXiw==
  dependencies:
    mime-db "1.52.0"

minimatch@^3.1.2:
  version "3.1.2"
  resolved "https://registry.yarnpkg.com/minimatch/-/minimatch-3.1.2.tgz#19cd194bfd3e428f049a70817c038d89ab4be35b"
  integrity sha512-J7p63hRiAjw1NDEww1W7i37+ByIrOWO5XQQAzZ3VOcL0PNybwpfmV/N05zFAzwQ9USyEcX6t3UO+K5aqBQOIHw==
  dependencies:
    brace-expansion "^1.1.7"

mri@^1.1.0:
  version "1.2.0"
  resolved "https://registry.yarnpkg.com/mri/-/mri-1.2.0.tgz#6721480fec2a11a4889861115a48b6cbe7cc8f0b"
  integrity sha512-tzzskb3bG8LvYGFF/mDTpq3jpI6Q9wc3LEmBaghu+DdCssd1FakN7Bc0hVNmEyGq1bq3RgfkCb3cmQLpNPOroA==

ms@2.1.2:
  version "2.1.2"
  resolved "https://registry.yarnpkg.com/ms/-/ms-2.1.2.tgz#d09d1f357b443f493382a8eb3ccd183872ae6009"
  integrity sha512-sGkPx+VjMtmA6MX27oA4FBFELFCZZ4S4XqeGOXCv68tT+jb3vk/RyaKWP0PTKyWtmLSM0b+adUTEvbs1PEaH2w==

normalize-path@^3.0.0, normalize-path@~3.0.0:
  version "3.0.0"
  resolved "https://registry.yarnpkg.com/normalize-path/-/normalize-path-3.0.0.tgz#0dcd69ff23a1c9b11fd0978316644a0388216a65"
  integrity sha512-6eZs5Ls3WtCisHWp9S2GUy8dqkpGi4BVSz3GaqiE6ezub0512ESztXUwUB6C6IKbQkY2Pnb/mD4WYojCRwcwLA==

picomatch@^2.0.4, picomatch@^2.2.1, picomatch@^2.2.2:
  version "2.3.1"
  resolved "https://registry.yarnpkg.com/picomatch/-/picomatch-2.3.1.tgz#3ba3833733646d9d3e4995946c1365a67fb07a42"
  integrity sha512-JU3teHTNjmE2VCGFzuY8EXzCDVwEqB2a8fsIvwaStHhAWJEeVd1o1QD80CU6+ZdEXXSLbSsuLwJjkCBWqRQUVA==

prettier@2.7.1:
  version "2.7.1"
  resolved "https://registry.yarnpkg.com/prettier/-/prettier-2.7.1.tgz#e235806850d057f97bb08368a4f7d899f7760c64"
  integrity sha512-ujppO+MkdPqoVINuDFDRLClm7D78qbDt0/NR+wp5FqEZOoTNAjPHWj17QRhu7geIHJfcNhRk1XVQmF8Bp3ye+g==

punycode@^2.1.1:
  version "2.1.1"
  resolved "https://registry.yarnpkg.com/punycode/-/punycode-2.1.1.tgz#b58b010ac40c22c5657616c8d2c2c02c7bf479ec"
  integrity sha512-XRsRjdf+j5ml+y/6GKHPZbrF/8p2Yga0JPtdqTIY2Xe5ohJPD9saDJJLPvp9+NSBprVvevdXZybnj2cv8OEd0A==

readdirp@~3.6.0:
  version "3.6.0"
  resolved "https://registry.yarnpkg.com/readdirp/-/readdirp-3.6.0.tgz#74a370bd857116e245b29cc97340cd431a02a6c7"
  integrity sha512-hOS089on8RduqdbhvQ5Z37A0ESjsqz6qnRcffsMU3495FuTdqSm+7bhJ29JvIOsBDEEnan5DPu9t3To9VRlMzA==
  dependencies:
    picomatch "^2.2.1"

sade@^1.8.1:
  version "1.8.1"
  resolved "https://registry.yarnpkg.com/sade/-/sade-1.8.1.tgz#0a78e81d658d394887be57d2a409bf703a3b2701"
  integrity sha512-xal3CZX1Xlo/k4ApwCFrHVACi9fBqJ7V+mwhBsuf/1IOKbBy098Fex+Wa/5QMubw09pSZ/u8EY8PWgevJsXp1A==
  dependencies:
    mri "^1.1.0"

semver@^7.3.7:
  version "7.3.7"
  resolved "https://registry.yarnpkg.com/semver/-/semver-7.3.7.tgz#12c5b649afdbf9049707796e22a4028814ce523f"
  integrity sha512-QlYTucUYOews+WeEujDoEGziz4K6c47V/Bd+LjSSYcA94p+DmINdf7ncaUinThfvZyu13lN9OY1XDxt8C0Tw0g==
  dependencies:
    lru-cache "^6.0.0"

sourcemap-codec@^1.4.8:
  version "1.4.8"
  resolved "https://registry.yarnpkg.com/sourcemap-codec/-/sourcemap-codec-1.4.8.tgz#ea804bd94857402e6992d05a38ef1ae35a9ab4c4"
  integrity sha512-9NykojV5Uih4lgo5So5dtw+f0JgJX30KCNI8gwhz2J9A15wD0Ml6tjHKwf6fTSa6fAdVBdZeNOs9eJ71qCk8vA==

svelte-hmr@^0.14.12:
  version "0.14.12"
  resolved "https://registry.yarnpkg.com/svelte-hmr/-/svelte-hmr-0.14.12.tgz#a127aec02f1896500b10148b2d4d21ddde39973f"
  integrity sha512-4QSW/VvXuqVcFZ+RhxiR8/newmwOCTlbYIezvkeN6302YFRE8cXy0naamHcjz8Y9Ce3ITTZtrHrIL0AGfyo61w==

svelte@3.49.0:
  version "3.49.0"
  resolved "https://registry.yarnpkg.com/svelte/-/svelte-3.49.0.tgz#5baee3c672306de1070c3b7888fc2204e36a4029"
  integrity sha512-+lmjic1pApJWDfPCpUUTc1m8azDqYCG1JN9YEngrx/hUyIcFJo6VZhj0A1Ai0wqoHcEIuQy+e9tk+4uDgdtsFA==

to-regex-range@^5.0.1:
  version "5.0.1"
  resolved "https://registry.yarnpkg.com/to-regex-range/-/to-regex-range-5.0.1.tgz#1648c44aae7c8d988a326018ed72f5b4dd0392e4"
  integrity sha512-65P7iz6X5yEr1cwcgvQxbbIw7Uk3gOy5dIdtZ4rDveLqhrdJP+Li/Hx6tyK0NEb+2GCyneCMJiGqrADCSNk8sQ==
  dependencies:
    is-number "^7.0.0"

typescript@4.7.4:
  version "4.7.4"
  resolved "https://registry.yarnpkg.com/typescript/-/typescript-4.7.4.tgz#1a88596d1cf47d59507a1bcdfb5b9dfe4d488235"
  integrity sha512-C0WQT0gezHuw6AdY1M2jxUO83Rjf0HP7Sk1DtXj6j1EwkQNZrHAg2XPWlq62oqEhYvONq5pkC2Y9oPljWToLmQ==

universalify@^2.0.0:
  version "2.0.0"
  resolved "https://registry.yarnpkg.com/universalify/-/universalify-2.0.0.tgz#75a4984efedc4b08975c5aeb73f530d02df25717"
  integrity sha512-hAZsKq7Yy11Zu1DE0OzWjw7nnLZmJZYTDZZyEFHZdUhV8FkH5MCfoU1XMaxXovpyW5nq5scPqq0ZDP9Zyl04oQ==

yallist@^4.0.0:
  version "4.0.0"
  resolved "https://registry.yarnpkg.com/yallist/-/yallist-4.0.0.tgz#9bb92790d9c0effec63be73519e11a35019a3a72"
  integrity sha512-3wdGidZyq5PB084XLES5TpOSRA3wjXAlIWMhum2kRcv/41Sn2emQ0dycQW4uZXLejwKvg6EsvbdlVL+FYEct7A==
